// !$*UTF8*$!
{
	archiveVersion = 1;
	classes = {
	};
	objectVersion = 46;
	objects = {

/* Begin PBXBuildFile section */
		0B3EDBD811C0AAB4E8666D5D /* ofxSceneManager.cpp in Sources */ = {isa = PBXBuildFile; fileRef = 111B02F3CFDE8C77CC5238AE /* ofxSceneManager.cpp */; };
		0C626D3D484EA5FB87A6AD23 /* ofxXmlSettings.cpp in Sources */ = {isa = PBXBuildFile; fileRef = B63793AAC401CFEE868708F2 /* ofxXmlSettings.cpp */; };
		16DA7893AA87978367B3FE42 /* BaseTheme.cpp in Sources */ = {isa = PBXBuildFile; fileRef = 899FAD78131E4901BCBA301B /* BaseTheme.cpp */; };
		17813EAD687F63E4597319D7 /* player.cpp in Sources */ = {isa = PBXBuildFile; fileRef = 4F38AEA41F437B19FC276B96 /* player.cpp */; };
		21C15CE8D8F05ED6AD1419B8 /* ofxAnimatableQueue.cpp in Sources */ = {isa = PBXBuildFile; fileRef = 016735458997CB76D034294E /* ofxAnimatableQueue.cpp */; };
		28508E0A54B8B8CAF6FC376D /* ofxAnimatable.cpp in Sources */ = {isa = PBXBuildFile; fileRef = 63E0BECDEC3611B32121B0C8 /* ofxAnimatable.cpp */; };
		28AEE041B410B056F5E6C2EC /* jsoncpp.cpp in Sources */ = {isa = PBXBuildFile; fileRef = 79A2408B36BC1A6A344A0CB5 /* jsoncpp.cpp */; };
		28DC652211D4AF8CC023D568 /* tinyxml.cpp in Sources */ = {isa = PBXBuildFile; fileRef = 97E9772CB5B04FB62A872480 /* tinyxml.cpp */; };
		2C415C82BFDA7A09DBC08479 /* imgui.cpp in Sources */ = {isa = PBXBuildFile; fileRef = BA6CF6729E3BFA6E5354BB3D /* imgui.cpp */; };
		32E2318B89B6217AE6052155 /* tinyxmlparser.cpp in Sources */ = {isa = PBXBuildFile; fileRef = 723AE465948C9C9893893BC8 /* tinyxmlparser.cpp */; };
		3A218F305615FD3444748F89 /* EngineOpenGLES.cpp in Sources */ = {isa = PBXBuildFile; fileRef = FB7B691BE8C2E78C1F43D5BC /* EngineOpenGLES.cpp */; };
		407A5CDA465EFDD1787AF511 /* navigationBar.cpp in Sources */ = {isa = PBXBuildFile; fileRef = 0F41D00E9C1DE965FC36ECAB /* navigationBar.cpp */; };
		426603D3A6195FA20CC19F69 /* ofxAnimatableOfColor.cpp in Sources */ = {isa = PBXBuildFile; fileRef = 7EDC07079905BBF555E5294B /* ofxAnimatableOfColor.cpp */; };
		489CCB3D95883DF854A4E223 /* healthBar.cpp in Sources */ = {isa = PBXBuildFile; fileRef = B9DCA335E8E16FB12A12638A /* healthBar.cpp */; };
		571DDCA398E3FC1125284399 /* ofxAnimatableOfPoint.cpp in Sources */ = {isa = PBXBuildFile; fileRef = 8B56BAFFE6C67C7FC670F205 /* ofxAnimatableOfPoint.cpp */; };
		592AED75AFCD8B9B1D02F2DE /* movingState.cpp in Sources */ = {isa = PBXBuildFile; fileRef = 9303EA8FB233B5BAA7B15A9B /* movingState.cpp */; };
		5EE106109ED4296F2BC9F486 /* EngineGLFW.cpp in Sources */ = {isa = PBXBuildFile; fileRef = C748F268167DCEC94C37E157 /* EngineGLFW.cpp */; };
		629150F93404AC3B00B959DE /* imgui_draw.cpp in Sources */ = {isa = PBXBuildFile; fileRef = F768C7EE10772D1A6AE02E2C /* imgui_draw.cpp */; };
		672CE4D3A75ECB3C1946900D /* standingState.cpp in Sources */ = {isa = PBXBuildFile; fileRef = 8A9376F3AAD216026CA5CC1A /* standingState.cpp */; };
		69EE3FF00AD004DF261D1756 /* jumpingState.cpp in Sources */ = {isa = PBXBuildFile; fileRef = 090FBD7D69B43092627E4A1E /* jumpingState.cpp */; };
		6B1CA8C98EA80149EBCD25F2 /* ofxJoystick.cpp in Sources */ = {isa = PBXBuildFile; fileRef = DC1ABEFDD10ABE09E5270A9E /* ofxJoystick.cpp */; };
		6B510B08B3ABDF0145095143 /* ofxJSONElement.cpp in Sources */ = {isa = PBXBuildFile; fileRef = D07F4DACD7E0D6AB3D1B2970 /* ofxJSONElement.cpp */; };
		7B3EF53EDA89A41ECDE9ADF4 /* timer.cpp in Sources */ = {isa = PBXBuildFile; fileRef = F378D081F56988B2073BA24D /* timer.cpp */; };
		94C3A35816CF6A0DE0CD3082 /* BaseEngine.cpp in Sources */ = {isa = PBXBuildFile; fileRef = 0036AD77D503F4330B068775 /* BaseEngine.cpp */; };
		97969231CD7181B9A382EF4C /* playerState.cpp in Sources */ = {isa = PBXBuildFile; fileRef = 494522029B931251EFA89955 /* playerState.cpp */; };
		9DC1ED16CF964E5831619872 /* ofxImGui.cpp in Sources */ = {isa = PBXBuildFile; fileRef = 6FC3E19B0232BFB26EE64165 /* ofxImGui.cpp */; };
		ACE62F4D1DF6BD0E002A27A1 /* sceneP.cpp in Sources */ = {isa = PBXBuildFile; fileRef = ACE62F4B1DF6BD0E002A27A1 /* sceneP.cpp */; };
		ACE62F501DF6C050002A27A1 /* sceneWem.cpp in Sources */ = {isa = PBXBuildFile; fileRef = ACE62F4E1DF6C050002A27A1 /* sceneWem.cpp */; };
		ACE62F531DF6C166002A27A1 /* sceneYanai.cpp in Sources */ = {isa = PBXBuildFile; fileRef = ACE62F511DF6C166002A27A1 /* sceneYanai.cpp */; };
		BF4934AC9A8DAF70C1AB410D /* input.cpp in Sources */ = {isa = PBXBuildFile; fileRef = E15C832BB3890D55A12FC5AD /* input.cpp */; };
		CE441544D6CE368D7F1670A3 /* ofxScreenCurtain.cpp in Sources */ = {isa = PBXBuildFile; fileRef = F30A0E85AD0500C33048FECA /* ofxScreenCurtain.cpp */; };
		E2A78E212B5A2DEE8DEFCDA2 /* gameMain.cpp in Sources */ = {isa = PBXBuildFile; fileRef = 8C1A283F6DC3679756C77102 /* gameMain.cpp */; };
		E4328149138ABC9F0047C5CB /* openFrameworksDebug.a in Frameworks */ = {isa = PBXBuildFile; fileRef = E4328148138ABC890047C5CB /* openFrameworksDebug.a */; };
		E432EC975AE8560884FFB363 /* ofxAnimatableFloat.cpp in Sources */ = {isa = PBXBuildFile; fileRef = 215F8EB441961E6DB5726BDC /* ofxAnimatableFloat.cpp */; };
		E4B69E200A3A1BDC003C02F2 /* main.cpp in Sources */ = {isa = PBXBuildFile; fileRef = E4B69E1D0A3A1BDC003C02F2 /* main.cpp */; };
		E4B69E210A3A1BDC003C02F2 /* ofApp.cpp in Sources */ = {isa = PBXBuildFile; fileRef = E4B69E1E0A3A1BDC003C02F2 /* ofApp.cpp */; };
		E7C0D5EF1488D1409AAA35FD /* gameTitle.cpp in Sources */ = {isa = PBXBuildFile; fileRef = 8A8D88DE09C4F08229BD984F /* gameTitle.cpp */; };
		E9BEF156FDF41BA086E9DC15 /* imgui_demo.cpp in Sources */ = {isa = PBXBuildFile; fileRef = DBC9A0CC2A1BC1B2319EF9C7 /* imgui_demo.cpp */; };
		EAE415BD3596A274F9E1777B /* passiveState.cpp in Sources */ = {isa = PBXBuildFile; fileRef = 0D32D5D82265EC95AB696609 /* passiveState.cpp */; };
		EBD17FC04E6CC2822823A87A /* attackingState.cpp in Sources */ = {isa = PBXBuildFile; fileRef = 04E8AFC1BF7A382DE58D9C0C /* attackingState.cpp */; };
		F877D69532909AE487E0EF22 /* tinyxmlerror.cpp in Sources */ = {isa = PBXBuildFile; fileRef = 572960DD09FAC11DCF63ED27 /* tinyxmlerror.cpp */; };
/* End PBXBuildFile section */

/* Begin PBXContainerItemProxy section */
		E4328147138ABC890047C5CB /* PBXContainerItemProxy */ = {
			isa = PBXContainerItemProxy;
			containerPortal = E4328143138ABC890047C5CB /* openFrameworksLib.xcodeproj */;
			proxyType = 2;
			remoteGlobalIDString = E4B27C1510CBEB8E00536013;
			remoteInfo = openFrameworks;
		};
		E4EEB9AB138B136A00A80321 /* PBXContainerItemProxy */ = {
			isa = PBXContainerItemProxy;
			containerPortal = E4328143138ABC890047C5CB /* openFrameworksLib.xcodeproj */;
			proxyType = 1;
			remoteGlobalIDString = E4B27C1410CBEB8E00536013;
			remoteInfo = openFrameworks;
		};
/* End PBXContainerItemProxy section */

/* Begin PBXCopyFilesBuildPhase section */
		E4C2427710CC5ABF004149E2 /* CopyFiles */ = {
			isa = PBXCopyFilesBuildPhase;
			buildActionMask = 2147483647;
			dstPath = "";
			dstSubfolderSpec = 10;
			files = (
			);
			runOnlyForDeploymentPostprocessing = 0;
		};
/* End PBXCopyFilesBuildPhase section */

/* Begin PBXFileReference section */
		0036AD77D503F4330B068775 /* BaseEngine.cpp */ = {isa = PBXFileReference; explicitFileType = sourcecode.cpp.cpp; fileEncoding = 30; name = BaseEngine.cpp; path = ../../addons/ofxImGui/src/BaseEngine.cpp; sourceTree = SOURCE_ROOT; };
		016735458997CB76D034294E /* ofxAnimatableQueue.cpp */ = {isa = PBXFileReference; explicitFileType = sourcecode.cpp.cpp; fileEncoding = 30; name = ofxAnimatableQueue.cpp; path = ../../addons/ofxAnimatable/src/ofxAnimatableQueue.cpp; sourceTree = SOURCE_ROOT; };
		04E8AFC1BF7A382DE58D9C0C /* attackingState.cpp */ = {isa = PBXFileReference; explicitFileType = sourcecode.cpp.cpp; fileEncoding = 30; name = attackingState.cpp; path = src/player/attackingState.cpp; sourceTree = SOURCE_ROOT; };
		090FBD7D69B43092627E4A1E /* jumpingState.cpp */ = {isa = PBXFileReference; explicitFileType = sourcecode.cpp.cpp; fileEncoding = 30; name = jumpingState.cpp; path = src/player/jumpingState.cpp; sourceTree = SOURCE_ROOT; };
		0D32D5D82265EC95AB696609 /* passiveState.cpp */ = {isa = PBXFileReference; explicitFileType = sourcecode.cpp.cpp; fileEncoding = 30; name = passiveState.cpp; path = src/player/passiveState.cpp; sourceTree = SOURCE_ROOT; };
		0F41D00E9C1DE965FC36ECAB /* navigationBar.cpp */ = {isa = PBXFileReference; explicitFileType = sourcecode.cpp.cpp; fileEncoding = 30; name = navigationBar.cpp; path = src/navigationBar/navigationBar.cpp; sourceTree = SOURCE_ROOT; };
		111B02F3CFDE8C77CC5238AE /* ofxSceneManager.cpp */ = {isa = PBXFileReference; explicitFileType = sourcecode.cpp.cpp; fileEncoding = 30; name = ofxSceneManager.cpp; path = ../../addons/ofxSceneManager/src/ofxSceneManager.cpp; sourceTree = SOURCE_ROOT; };
		1369BAA229B26CA6C8F7718F /* timer.h */ = {isa = PBXFileReference; explicitFileType = sourcecode.c.h; fileEncoding = 30; name = timer.h; path = src/timeLimit/timer.h; sourceTree = SOURCE_ROOT; };
		17BF8878CC8DCDC9407D86F8 /* gameMain.h */ = {isa = PBXFileReference; explicitFileType = sourcecode.c.h; fileEncoding = 4; name = gameMain.h; path = src/scene/gameMain.h; sourceTree = SOURCE_ROOT; };
		1ABCA16BEF1B784BC11B6396 /* ofxJSONElement.h */ = {isa = PBXFileReference; explicitFileType = sourcecode.c.h; fileEncoding = 30; name = ofxJSONElement.h; path = ../../addons/ofxJSON/src/ofxJSONElement.h; sourceTree = SOURCE_ROOT; };
		1B92080582950E2B512F0387 /* ofxJSON.h */ = {isa = PBXFileReference; explicitFileType = sourcecode.c.h; fileEncoding = 30; name = ofxJSON.h; path = ../../addons/ofxJSON/src/ofxJSON.h; sourceTree = SOURCE_ROOT; };
		215F8EB441961E6DB5726BDC /* ofxAnimatableFloat.cpp */ = {isa = PBXFileReference; explicitFileType = sourcecode.cpp.cpp; fileEncoding = 30; name = ofxAnimatableFloat.cpp; path = ../../addons/ofxAnimatable/src/ofxAnimatableFloat.cpp; sourceTree = SOURCE_ROOT; };
		23DC12EA10AD46B85969F89C /* imconfig.h */ = {isa = PBXFileReference; explicitFileType = sourcecode.c.h; fileEncoding = 30; name = imconfig.h; path = ../../addons/ofxImGui/src/imconfig.h; sourceTree = SOURCE_ROOT; };
		2A607BDC0F2A17EC184D8D62 /* ofxXmlSettings.h */ = {isa = PBXFileReference; explicitFileType = sourcecode.c.h; fileEncoding = 30; name = ofxXmlSettings.h; path = ../../addons/ofxXmlSettings/src/ofxXmlSettings.h; sourceTree = SOURCE_ROOT; };
		39F03BC58045185A868368B6 /* json-forwards.h */ = {isa = PBXFileReference; explicitFileType = sourcecode.c.h; fileEncoding = 30; name = "json-forwards.h"; path = "../../addons/ofxJSON/libs/jsoncpp/include/json/json-forwards.h"; sourceTree = SOURCE_ROOT; };
		3E526D0CF1858E9DA52E99ED /* ofxSceneManager.h */ = {isa = PBXFileReference; explicitFileType = sourcecode.c.h; fileEncoding = 30; name = ofxSceneManager.h; path = ../../addons/ofxSceneManager/src/ofxSceneManager.h; sourceTree = SOURCE_ROOT; };
		463EEB2D7F2C446CAB0C00DF /* ThemeTest.h */ = {isa = PBXFileReference; explicitFileType = sourcecode.c.h; fileEncoding = 30; name = ThemeTest.h; path = ../../addons/ofxImGui/src/ThemeTest.h; sourceTree = SOURCE_ROOT; };
		494522029B931251EFA89955 /* playerState.cpp */ = {isa = PBXFileReference; explicitFileType = sourcecode.cpp.cpp; fileEncoding = 30; name = playerState.cpp; path = src/player/playerState.cpp; sourceTree = SOURCE_ROOT; };
		4D417C50A1C963A150B69C0E /* stb_rect_pack.h */ = {isa = PBXFileReference; explicitFileType = sourcecode.c.h; fileEncoding = 30; name = stb_rect_pack.h; path = ../../addons/ofxImGui/libs/imgui/src/stb_rect_pack.h; sourceTree = SOURCE_ROOT; };
		4F38AEA41F437B19FC276B96 /* player.cpp */ = {isa = PBXFileReference; explicitFileType = sourcecode.cpp.cpp; fileEncoding = 30; name = player.cpp; path = src/player/player.cpp; sourceTree = SOURCE_ROOT; };
		5407F19529431F450711B886 /* json.h */ = {isa = PBXFileReference; explicitFileType = sourcecode.c.h; fileEncoding = 30; name = json.h; path = ../../addons/ofxJSON/libs/jsoncpp/include/json/json.h; sourceTree = SOURCE_ROOT; };
		572960DD09FAC11DCF63ED27 /* tinyxmlerror.cpp */ = {isa = PBXFileReference; explicitFileType = sourcecode.cpp.cpp; fileEncoding = 30; name = tinyxmlerror.cpp; path = ../../addons/ofxXmlSettings/libs/tinyxmlerror.cpp; sourceTree = SOURCE_ROOT; };
		60E40FC34E5714FD0FE4EE62 /* imgui_internal.h */ = {isa = PBXFileReference; explicitFileType = sourcecode.c.h; fileEncoding = 30; name = imgui_internal.h; path = ../../addons/ofxImGui/libs/imgui/src/imgui_internal.h; sourceTree = SOURCE_ROOT; };
		63E0BECDEC3611B32121B0C8 /* ofxAnimatable.cpp */ = {isa = PBXFileReference; explicitFileType = sourcecode.cpp.cpp; fileEncoding = 30; name = ofxAnimatable.cpp; path = ../../addons/ofxAnimatable/src/ofxAnimatable.cpp; sourceTree = SOURCE_ROOT; };
		67DC64ADF8E00E1888BFF187 /* tinyxml.h */ = {isa = PBXFileReference; explicitFileType = sourcecode.c.h; fileEncoding = 30; name = tinyxml.h; path = ../../addons/ofxXmlSettings/libs/tinyxml.h; sourceTree = SOURCE_ROOT; };
		6ACEF39BDCA8103FBCCCD053 /* navigationBar.h */ = {isa = PBXFileReference; explicitFileType = sourcecode.c.h; fileEncoding = 30; name = navigationBar.h; path = src/navigationBar/navigationBar.h; sourceTree = SOURCE_ROOT; };
		6B392DF77ACAFB819D599BE6 /* ofxAnimatableOfColor.h */ = {isa = PBXFileReference; explicitFileType = sourcecode.c.h; fileEncoding = 30; name = ofxAnimatableOfColor.h; path = ../../addons/ofxAnimatable/src/ofxAnimatableOfColor.h; sourceTree = SOURCE_ROOT; };
		6C4874E6FEA13B6BEF087C5E /* player.h */ = {isa = PBXFileReference; explicitFileType = sourcecode.c.h; fileEncoding = 30; name = player.h; path = src/player/player.h; sourceTree = SOURCE_ROOT; };
		6DA669B073800D767C4546D2 /* scene.h */ = {isa = PBXFileReference; explicitFileType = sourcecode.c.h; fileEncoding = 30; name = scene.h; path = src/scene/scene.h; sourceTree = SOURCE_ROOT; };
		6FC3E19B0232BFB26EE64165 /* ofxImGui.cpp */ = {isa = PBXFileReference; explicitFileType = sourcecode.cpp.cpp; fileEncoding = 30; name = ofxImGui.cpp; path = ../../addons/ofxImGui/src/ofxImGui.cpp; sourceTree = SOURCE_ROOT; };
		7169B9AE924C05250ADDCC6B /* imgui.h */ = {isa = PBXFileReference; explicitFileType = sourcecode.c.h; fileEncoding = 30; name = imgui.h; path = ../../addons/ofxImGui/libs/imgui/src/imgui.h; sourceTree = SOURCE_ROOT; };
		723AE465948C9C9893893BC8 /* tinyxmlparser.cpp */ = {isa = PBXFileReference; explicitFileType = sourcecode.cpp.cpp; fileEncoding = 30; name = tinyxmlparser.cpp; path = ../../addons/ofxXmlSettings/libs/tinyxmlparser.cpp; sourceTree = SOURCE_ROOT; };
		7344F40A9EF4C26DE3A29B15 /* ofxJoystick.h */ = {isa = PBXFileReference; explicitFileType = sourcecode.c.h; fileEncoding = 30; name = ofxJoystick.h; path = ../../addons/ofxJoystick/src/ofxJoystick.h; sourceTree = SOURCE_ROOT; };
		79A2408B36BC1A6A344A0CB5 /* jsoncpp.cpp */ = {isa = PBXFileReference; explicitFileType = sourcecode.cpp.cpp; fileEncoding = 30; name = jsoncpp.cpp; path = ../../addons/ofxJSON/libs/jsoncpp/src/jsoncpp.cpp; sourceTree = SOURCE_ROOT; };
		7EDC07079905BBF555E5294B /* ofxAnimatableOfColor.cpp */ = {isa = PBXFileReference; explicitFileType = sourcecode.cpp.cpp; fileEncoding = 30; name = ofxAnimatableOfColor.cpp; path = ../../addons/ofxAnimatable/src/ofxAnimatableOfColor.cpp; sourceTree = SOURCE_ROOT; };
		867D620BD0A140C461ED9E7E /* ofxScreenCurtain.h */ = {isa = PBXFileReference; explicitFileType = sourcecode.c.h; fileEncoding = 30; name = ofxScreenCurtain.h; path = ../../addons/ofxScreenCurtain/src/ofxScreenCurtain.h; sourceTree = SOURCE_ROOT; };
		899FAD78131E4901BCBA301B /* BaseTheme.cpp */ = {isa = PBXFileReference; explicitFileType = sourcecode.cpp.cpp; fileEncoding = 30; name = BaseTheme.cpp; path = ../../addons/ofxImGui/src/BaseTheme.cpp; sourceTree = SOURCE_ROOT; };
		8A8D88DE09C4F08229BD984F /* gameTitle.cpp */ = {isa = PBXFileReference; explicitFileType = sourcecode.cpp.cpp; fileEncoding = 4; name = gameTitle.cpp; path = src/scene/gameTitle.cpp; sourceTree = SOURCE_ROOT; };
		8A9376F3AAD216026CA5CC1A /* standingState.cpp */ = {isa = PBXFileReference; explicitFileType = sourcecode.cpp.cpp; fileEncoding = 30; name = standingState.cpp; path = src/player/standingState.cpp; sourceTree = SOURCE_ROOT; };
		8B56BAFFE6C67C7FC670F205 /* ofxAnimatableOfPoint.cpp */ = {isa = PBXFileReference; explicitFileType = sourcecode.cpp.cpp; fileEncoding = 30; name = ofxAnimatableOfPoint.cpp; path = ../../addons/ofxAnimatable/src/ofxAnimatableOfPoint.cpp; sourceTree = SOURCE_ROOT; };
		8C1A283F6DC3679756C77102 /* gameMain.cpp */ = {isa = PBXFileReference; explicitFileType = sourcecode.cpp.cpp; fileEncoding = 4; name = gameMain.cpp; path = src/scene/gameMain.cpp; sourceTree = SOURCE_ROOT; };
		9303EA8FB233B5BAA7B15A9B /* movingState.cpp */ = {isa = PBXFileReference; explicitFileType = sourcecode.cpp.cpp; fileEncoding = 30; name = movingState.cpp; path = src/player/movingState.cpp; sourceTree = SOURCE_ROOT; };
		97E9772CB5B04FB62A872480 /* tinyxml.cpp */ = {isa = PBXFileReference; explicitFileType = sourcecode.cpp.cpp; fileEncoding = 30; name = tinyxml.cpp; path = ../../addons/ofxXmlSettings/libs/tinyxml.cpp; sourceTree = SOURCE_ROOT; };
		98B3774429636F0F36011537 /* gameTitle.h */ = {isa = PBXFileReference; explicitFileType = sourcecode.c.h; fileEncoding = 30; name = gameTitle.h; path = src/scene/gameTitle.h; sourceTree = SOURCE_ROOT; };
		A666F90C7C7214A2A0E8AC76 /* ofxScene.h */ = {isa = PBXFileReference; explicitFileType = sourcecode.c.h; fileEncoding = 30; name = ofxScene.h; path = ../../addons/ofxSceneManager/src/ofxScene.h; sourceTree = SOURCE_ROOT; };
		ACE62F4B1DF6BD0E002A27A1 /* sceneP.cpp */ = {isa = PBXFileReference; fileEncoding = 4; lastKnownFileType = sourcecode.cpp.cpp; path = sceneP.cpp; sourceTree = "<group>"; };
		ACE62F4C1DF6BD0E002A27A1 /* sceneP.h */ = {isa = PBXFileReference; fileEncoding = 4; lastKnownFileType = sourcecode.c.h; path = sceneP.h; sourceTree = "<group>"; };
		ACE62F4E1DF6C050002A27A1 /* sceneWem.cpp */ = {isa = PBXFileReference; fileEncoding = 4; lastKnownFileType = sourcecode.cpp.cpp; path = sceneWem.cpp; sourceTree = "<group>"; };
		ACE62F4F1DF6C050002A27A1 /* sceneWem.h */ = {isa = PBXFileReference; fileEncoding = 4; lastKnownFileType = sourcecode.c.h; path = sceneWem.h; sourceTree = "<group>"; };
		ACE62F511DF6C166002A27A1 /* sceneYanai.cpp */ = {isa = PBXFileReference; fileEncoding = 4; lastKnownFileType = sourcecode.cpp.cpp; path = sceneYanai.cpp; sourceTree = "<group>"; };
		ACE62F521DF6C166002A27A1 /* sceneYanai.h */ = {isa = PBXFileReference; fileEncoding = 4; lastKnownFileType = sourcecode.c.h; path = sceneYanai.h; sourceTree = "<group>"; };
		AF6C6110F0C12B3C45E9C5BE /* ofxAnimatableQueue.h */ = {isa = PBXFileReference; explicitFileType = sourcecode.c.h; fileEncoding = 30; name = ofxAnimatableQueue.h; path = ../../addons/ofxAnimatable/src/ofxAnimatableQueue.h; sourceTree = SOURCE_ROOT; };
		B084B8C85AA0DE22E6210796 /* stb_textedit.h */ = {isa = PBXFileReference; explicitFileType = sourcecode.c.h; fileEncoding = 30; name = stb_textedit.h; path = ../../addons/ofxImGui/libs/imgui/src/stb_textedit.h; sourceTree = SOURCE_ROOT; };
		B3BC6675546E0BECCB775E73 /* ofxAnimatableOfPoint.h */ = {isa = PBXFileReference; explicitFileType = sourcecode.c.h; fileEncoding = 30; name = ofxAnimatableOfPoint.h; path = ../../addons/ofxAnimatable/src/ofxAnimatableOfPoint.h; sourceTree = SOURCE_ROOT; };
		B63793AAC401CFEE868708F2 /* ofxXmlSettings.cpp */ = {isa = PBXFileReference; explicitFileType = sourcecode.cpp.cpp; fileEncoding = 30; name = ofxXmlSettings.cpp; path = ../../addons/ofxXmlSettings/src/ofxXmlSettings.cpp; sourceTree = SOURCE_ROOT; };
		B82AF85CFC9F2B9E16BA66D1 /* EngineOpenGLES.h */ = {isa = PBXFileReference; explicitFileType = sourcecode.c.h; fileEncoding = 30; name = EngineOpenGLES.h; path = ../../addons/ofxImGui/src/EngineOpenGLES.h; sourceTree = SOURCE_ROOT; };
		B86CA45D4704F1AA09467703 /* BaseEngine.h */ = {isa = PBXFileReference; explicitFileType = sourcecode.c.h; fileEncoding = 30; name = BaseEngine.h; path = ../../addons/ofxImGui/src/BaseEngine.h; sourceTree = SOURCE_ROOT; };
		B9DCA335E8E16FB12A12638A /* healthBar.cpp */ = {isa = PBXFileReference; explicitFileType = sourcecode.cpp.cpp; fileEncoding = 4; name = healthBar.cpp; path = src/healthBar/healthBar.cpp; sourceTree = SOURCE_ROOT; };
		BA6CF6729E3BFA6E5354BB3D /* imgui.cpp */ = {isa = PBXFileReference; explicitFileType = sourcecode.cpp.cpp; fileEncoding = 30; name = imgui.cpp; path = ../../addons/ofxImGui/libs/imgui/src/imgui.cpp; sourceTree = SOURCE_ROOT; };
		BB95707AED850DEA6B7CF648 /* playerState.h */ = {isa = PBXFileReference; explicitFileType = sourcecode.c.h; fileEncoding = 30; name = playerState.h; path = src/player/playerState.h; sourceTree = SOURCE_ROOT; };
		C748F268167DCEC94C37E157 /* EngineGLFW.cpp */ = {isa = PBXFileReference; explicitFileType = sourcecode.cpp.cpp; fileEncoding = 30; name = EngineGLFW.cpp; path = ../../addons/ofxImGui/src/EngineGLFW.cpp; sourceTree = SOURCE_ROOT; };
		CB575E3DE2ABFF6487996464 /* EngineGLFW.h */ = {isa = PBXFileReference; explicitFileType = sourcecode.c.h; fileEncoding = 30; name = EngineGLFW.h; path = ../../addons/ofxImGui/src/EngineGLFW.h; sourceTree = SOURCE_ROOT; };
		D07F4DACD7E0D6AB3D1B2970 /* ofxJSONElement.cpp */ = {isa = PBXFileReference; explicitFileType = sourcecode.cpp.cpp; fileEncoding = 30; name = ofxJSONElement.cpp; path = ../../addons/ofxJSON/src/ofxJSONElement.cpp; sourceTree = SOURCE_ROOT; };
		D8BC34F84EEF4250EA510DA1 /* ofxAnimatable.h */ = {isa = PBXFileReference; explicitFileType = sourcecode.c.h; fileEncoding = 30; name = ofxAnimatable.h; path = ../../addons/ofxAnimatable/src/ofxAnimatable.h; sourceTree = SOURCE_ROOT; };
		DBC9A0CC2A1BC1B2319EF9C7 /* imgui_demo.cpp */ = {isa = PBXFileReference; explicitFileType = sourcecode.cpp.cpp; fileEncoding = 30; name = imgui_demo.cpp; path = ../../addons/ofxImGui/libs/imgui/src/imgui_demo.cpp; sourceTree = SOURCE_ROOT; };
		DC1ABEFDD10ABE09E5270A9E /* ofxJoystick.cpp */ = {isa = PBXFileReference; explicitFileType = sourcecode.cpp.cpp; fileEncoding = 30; name = ofxJoystick.cpp; path = ../../addons/ofxJoystick/src/ofxJoystick.cpp; sourceTree = SOURCE_ROOT; };
		E15C832BB3890D55A12FC5AD /* input.cpp */ = {isa = PBXFileReference; explicitFileType = sourcecode.cpp.cpp; fileEncoding = 30; name = input.cpp; path = src/input.cpp; sourceTree = SOURCE_ROOT; };
		E4328143138ABC890047C5CB /* openFrameworksLib.xcodeproj */ = {isa = PBXFileReference; lastKnownFileType = "wrapper.pb-project"; name = openFrameworksLib.xcodeproj; path = ../../libs/openFrameworksCompiled/project/osx/openFrameworksLib.xcodeproj; sourceTree = SOURCE_ROOT; };
		E4B69B5B0A3A1756003C02F2 /* AlternativeAsciiDebug.app */ = {isa = PBXFileReference; explicitFileType = wrapper.application; includeInIndex = 0; path = AlternativeAsciiDebug.app; sourceTree = BUILT_PRODUCTS_DIR; };
		E4B69E1D0A3A1BDC003C02F2 /* main.cpp */ = {isa = PBXFileReference; fileEncoding = 4; lastKnownFileType = sourcecode.cpp.cpp; name = main.cpp; path = src/main.cpp; sourceTree = SOURCE_ROOT; };
		E4B69E1E0A3A1BDC003C02F2 /* ofApp.cpp */ = {isa = PBXFileReference; explicitFileType = sourcecode.cpp.cpp; fileEncoding = 4; name = ofApp.cpp; path = src/ofApp.cpp; sourceTree = SOURCE_ROOT; };
		E4B69E1F0A3A1BDC003C02F2 /* ofApp.h */ = {isa = PBXFileReference; fileEncoding = 30; lastKnownFileType = sourcecode.c.h; name = ofApp.h; path = src/ofApp.h; sourceTree = SOURCE_ROOT; };
		E4B6FCAD0C3E899E008CF71C /* openFrameworks-Info.plist */ = {isa = PBXFileReference; fileEncoding = 30; lastKnownFileType = text.plist.xml; path = "openFrameworks-Info.plist"; sourceTree = "<group>"; };
		E4EB691F138AFCF100A09F29 /* CoreOF.xcconfig */ = {isa = PBXFileReference; fileEncoding = 4; lastKnownFileType = text.xcconfig; name = CoreOF.xcconfig; path = ../../libs/openFrameworksCompiled/project/osx/CoreOF.xcconfig; sourceTree = SOURCE_ROOT; };
		E4EB6923138AFD0F00A09F29 /* Project.xcconfig */ = {isa = PBXFileReference; fileEncoding = 4; lastKnownFileType = text.xcconfig; path = Project.xcconfig; sourceTree = "<group>"; };
		E51DEAE12D8B77F012F9A210 /* ofxAnimatableFloat.h */ = {isa = PBXFileReference; explicitFileType = sourcecode.c.h; fileEncoding = 30; name = ofxAnimatableFloat.h; path = ../../addons/ofxAnimatable/src/ofxAnimatableFloat.h; sourceTree = SOURCE_ROOT; };
		E6F7AE33D73B16007F713ED4 /* stb_truetype.h */ = {isa = PBXFileReference; explicitFileType = sourcecode.c.h; fileEncoding = 30; name = stb_truetype.h; path = ../../addons/ofxImGui/libs/imgui/src/stb_truetype.h; sourceTree = SOURCE_ROOT; };
		EAE156B7FE1598DED4505E42 /* ofxImGui.h */ = {isa = PBXFileReference; explicitFileType = sourcecode.c.h; fileEncoding = 30; name = ofxImGui.h; path = ../../addons/ofxImGui/src/ofxImGui.h; sourceTree = SOURCE_ROOT; };
		EC6EB2815CC795E6D5DFF471 /* BaseTheme.h */ = {isa = PBXFileReference; explicitFileType = sourcecode.c.h; fileEncoding = 30; name = BaseTheme.h; path = ../../addons/ofxImGui/src/BaseTheme.h; sourceTree = SOURCE_ROOT; };
		ECD299D3818860C805C64777 /* healthBar.h */ = {isa = PBXFileReference; explicitFileType = sourcecode.c.h; fileEncoding = 30; name = healthBar.h; path = src/healthBar/healthBar.h; sourceTree = SOURCE_ROOT; };
		F30A0E85AD0500C33048FECA /* ofxScreenCurtain.cpp */ = {isa = PBXFileReference; explicitFileType = sourcecode.cpp.cpp; fileEncoding = 30; name = ofxScreenCurtain.cpp; path = ../../addons/ofxScreenCurtain/src/ofxScreenCurtain.cpp; sourceTree = SOURCE_ROOT; };
		F378D081F56988B2073BA24D /* timer.cpp */ = {isa = PBXFileReference; explicitFileType = sourcecode.cpp.cpp; fileEncoding = 30; name = timer.cpp; path = src/timeLimit/timer.cpp; sourceTree = SOURCE_ROOT; };
		F768C7EE10772D1A6AE02E2C /* imgui_draw.cpp */ = {isa = PBXFileReference; explicitFileType = sourcecode.cpp.cpp; fileEncoding = 30; name = imgui_draw.cpp; path = ../../addons/ofxImGui/libs/imgui/src/imgui_draw.cpp; sourceTree = SOURCE_ROOT; };
		FB7B691BE8C2E78C1F43D5BC /* EngineOpenGLES.cpp */ = {isa = PBXFileReference; explicitFileType = sourcecode.cpp.cpp; fileEncoding = 30; name = EngineOpenGLES.cpp; path = ../../addons/ofxImGui/src/EngineOpenGLES.cpp; sourceTree = SOURCE_ROOT; };
		FF801D15CC70F7D6C8714010 /* input.h */ = {isa = PBXFileReference; explicitFileType = sourcecode.c.h; fileEncoding = 30; name = input.h; path = src/input.h; sourceTree = SOURCE_ROOT; };
/* End PBXFileReference section */

/* Begin PBXFrameworksBuildPhase section */
		E4B69B590A3A1756003C02F2 /* Frameworks */ = {
			isa = PBXFrameworksBuildPhase;
			buildActionMask = 2147483647;
			files = (
				E4328149138ABC9F0047C5CB /* openFrameworksDebug.a in Frameworks */,
			);
			runOnlyForDeploymentPostprocessing = 0;
		};
/* End PBXFrameworksBuildPhase section */

/* Begin PBXGroup section */
		0CB036595DE6BC2D33AB8FE1 /* src */ = {
			isa = PBXGroup;
			children = (
				A666F90C7C7214A2A0E8AC76 /* ofxScene.h */,
				111B02F3CFDE8C77CC5238AE /* ofxSceneManager.cpp */,
				3E526D0CF1858E9DA52E99ED /* ofxSceneManager.h */,
			);
			name = src;
			sourceTree = "<group>";
		};
		1F4FB5C423662B96ADFDCC0B /* ofxXmlSettings */ = {
			isa = PBXGroup;
			children = (
				6ECEF0D76BC33727823EADFF /* src */,
				6E54289412D2D94F45A05113 /* libs */,
			);
			name = ofxXmlSettings;
			sourceTree = "<group>";
		};
		2865DAEF86B1907A704CA70B /* ofxJSON */ = {
			isa = PBXGroup;
			children = (
				292AF6148769654D0DF26018 /* src */,
				F40E80CB2D443CBA9581DD03 /* libs */,
			);
			name = ofxJSON;
			sourceTree = "<group>";
		};
		292AF6148769654D0DF26018 /* src */ = {
			isa = PBXGroup;
			children = (
				1B92080582950E2B512F0387 /* ofxJSON.h */,
				D07F4DACD7E0D6AB3D1B2970 /* ofxJSONElement.cpp */,
				1ABCA16BEF1B784BC11B6396 /* ofxJSONElement.h */,
			);
			name = src;
			sourceTree = "<group>";
		};
		38210A9855D9757B736E753B /* scene */ = {
			isa = PBXGroup;
			children = (
				ACE62F471DF6BCE5002A27A1 /* p */,
				ACE62F481DF6BCE5002A27A1 /* wem */,
				ACE62F491DF6BCE5002A27A1 /* yanai */,
				8C1A283F6DC3679756C77102 /* gameMain.cpp */,
				17BF8878CC8DCDC9407D86F8 /* gameMain.h */,
				8A8D88DE09C4F08229BD984F /* gameTitle.cpp */,
				98B3774429636F0F36011537 /* gameTitle.h */,
				6DA669B073800D767C4546D2 /* scene.h */,
			);
			name = scene;
			sourceTree = "<group>";
		};
		3827A3E250153DBA091DF477 /* healthBar */ = {
			isa = PBXGroup;
			children = (
				B9DCA335E8E16FB12A12638A /* healthBar.cpp */,
				ECD299D3818860C805C64777 /* healthBar.h */,
			);
			name = healthBar;
			sourceTree = "<group>";
		};
		54F5C03126EF2DA913AC2FFF /* src */ = {
			isa = PBXGroup;
			children = (
				F30A0E85AD0500C33048FECA /* ofxScreenCurtain.cpp */,
				867D620BD0A140C461ED9E7E /* ofxScreenCurtain.h */,
			);
			name = src;
			sourceTree = "<group>";
		};
		58AD3BD71B781D9BC25763C8 /* json */ = {
			isa = PBXGroup;
			children = (
				39F03BC58045185A868368B6 /* json-forwards.h */,
				5407F19529431F450711B886 /* json.h */,
			);
			name = json;
			sourceTree = "<group>";
		};
		6948EE371B920CB800B5AC1A /* local_addons */ = {
			isa = PBXGroup;
			children = (
			);
			name = local_addons;
			sourceTree = "<group>";
		};
		6E54289412D2D94F45A05113 /* libs */ = {
			isa = PBXGroup;
			children = (
				97E9772CB5B04FB62A872480 /* tinyxml.cpp */,
				67DC64ADF8E00E1888BFF187 /* tinyxml.h */,
				572960DD09FAC11DCF63ED27 /* tinyxmlerror.cpp */,
				723AE465948C9C9893893BC8 /* tinyxmlparser.cpp */,
			);
			name = libs;
			sourceTree = "<group>";
		};
		6ECEF0D76BC33727823EADFF /* src */ = {
			isa = PBXGroup;
			children = (
				B63793AAC401CFEE868708F2 /* ofxXmlSettings.cpp */,
				2A607BDC0F2A17EC184D8D62 /* ofxXmlSettings.h */,
			);
			name = src;
			sourceTree = "<group>";
		};
		6FF8AA08E79CFA38503CDB0E /* src */ = {
			isa = PBXGroup;
			children = (
				0036AD77D503F4330B068775 /* BaseEngine.cpp */,
				B86CA45D4704F1AA09467703 /* BaseEngine.h */,
				899FAD78131E4901BCBA301B /* BaseTheme.cpp */,
				EC6EB2815CC795E6D5DFF471 /* BaseTheme.h */,
				C748F268167DCEC94C37E157 /* EngineGLFW.cpp */,
				CB575E3DE2ABFF6487996464 /* EngineGLFW.h */,
				FB7B691BE8C2E78C1F43D5BC /* EngineOpenGLES.cpp */,
				B82AF85CFC9F2B9E16BA66D1 /* EngineOpenGLES.h */,
				23DC12EA10AD46B85969F89C /* imconfig.h */,
				6FC3E19B0232BFB26EE64165 /* ofxImGui.cpp */,
				EAE156B7FE1598DED4505E42 /* ofxImGui.h */,
				463EEB2D7F2C446CAB0C00DF /* ThemeTest.h */,
			);
			name = src;
			sourceTree = "<group>";
		};
		742D3323128A44980171D3B6 /* src */ = {
			isa = PBXGroup;
			children = (
				DC1ABEFDD10ABE09E5270A9E /* ofxJoystick.cpp */,
				7344F40A9EF4C26DE3A29B15 /* ofxJoystick.h */,
			);
			name = src;
			sourceTree = "<group>";
		};
		768C3255AF2F3E1A78DC4DF4 /* ofxImGui */ = {
			isa = PBXGroup;
			children = (
				6FF8AA08E79CFA38503CDB0E /* src */,
				C618591A26FF62625326E2DD /* libs */,
			);
			name = ofxImGui;
			sourceTree = "<group>";
		};
		807146441E0D13714E9F4654 /* src */ = {
			isa = PBXGroup;
			children = (
				BA6CF6729E3BFA6E5354BB3D /* imgui.cpp */,
				7169B9AE924C05250ADDCC6B /* imgui.h */,
				DBC9A0CC2A1BC1B2319EF9C7 /* imgui_demo.cpp */,
				F768C7EE10772D1A6AE02E2C /* imgui_draw.cpp */,
				60E40FC34E5714FD0FE4EE62 /* imgui_internal.h */,
				4D417C50A1C963A150B69C0E /* stb_rect_pack.h */,
				B084B8C85AA0DE22E6210796 /* stb_textedit.h */,
				E6F7AE33D73B16007F713ED4 /* stb_truetype.h */,
			);
			name = src;
			sourceTree = "<group>";
		};
		8D2869234BA7562D78D731FF /* imgui */ = {
			isa = PBXGroup;
			children = (
				807146441E0D13714E9F4654 /* src */,
			);
			name = imgui;
			sourceTree = "<group>";
		};
		8D82EBF7DBCF242EC80B1CFF /* ofxSceneManager */ = {
			isa = PBXGroup;
			children = (
				0CB036595DE6BC2D33AB8FE1 /* src */,
			);
			name = ofxSceneManager;
			sourceTree = "<group>";
		};
		8D83D7AC476703EBECC1932D /* ofxAnimatable */ = {
			isa = PBXGroup;
			children = (
				B8118C79E563998DA9D23B17 /* src */,
			);
			name = ofxAnimatable;
			sourceTree = "<group>";
		};
		977A836DD2C489CCC5E330FF /* jsoncpp */ = {
			isa = PBXGroup;
			children = (
				D486FC87F063317BB47E9FAC /* include */,
				CCDC6F9CCF925CC402160B85 /* src */,
			);
			name = jsoncpp;
			sourceTree = "<group>";
		};
		9DC3A602A27156C0D5D85AF7 /* ofxScreenCurtain */ = {
			isa = PBXGroup;
			children = (
				54F5C03126EF2DA913AC2FFF /* src */,
			);
			name = ofxScreenCurtain;
			sourceTree = "<group>";
		};
		A1228BAE968F1E1947403E51 /* navigationBar */ = {
			isa = PBXGroup;
			children = (
				0F41D00E9C1DE965FC36ECAB /* navigationBar.cpp */,
				6ACEF39BDCA8103FBCCCD053 /* navigationBar.h */,
			);
			name = navigationBar;
			sourceTree = "<group>";
		};
		ACE62F471DF6BCE5002A27A1 /* p */ = {
			isa = PBXGroup;
			children = (
				ACE62F4B1DF6BD0E002A27A1 /* sceneP.cpp */,
				ACE62F4C1DF6BD0E002A27A1 /* sceneP.h */,
			);
			name = p;
			path = scene/p;
			sourceTree = "<group>";
		};
		ACE62F481DF6BCE5002A27A1 /* wem */ = {
			isa = PBXGroup;
			children = (
				ACE62F4E1DF6C050002A27A1 /* sceneWem.cpp */,
				ACE62F4F1DF6C050002A27A1 /* sceneWem.h */,
			);
			name = wem;
			path = scene/wem;
			sourceTree = "<group>";
		};
		ACE62F491DF6BCE5002A27A1 /* yanai */ = {
			isa = PBXGroup;
			children = (
				ACE62F511DF6C166002A27A1 /* sceneYanai.cpp */,
				ACE62F521DF6C166002A27A1 /* sceneYanai.h */,
			);
			name = yanai;
			path = scene/yanai;
			sourceTree = "<group>";
		};
		B0A7F12708E37F20F6EAD4FF /* player */ = {
			isa = PBXGroup;
			children = (
				04E8AFC1BF7A382DE58D9C0C /* attackingState.cpp */,
				090FBD7D69B43092627E4A1E /* jumpingState.cpp */,
				9303EA8FB233B5BAA7B15A9B /* movingState.cpp */,
				0D32D5D82265EC95AB696609 /* passiveState.cpp */,
				4F38AEA41F437B19FC276B96 /* player.cpp */,
				6C4874E6FEA13B6BEF087C5E /* player.h */,
				494522029B931251EFA89955 /* playerState.cpp */,
				BB95707AED850DEA6B7CF648 /* playerState.h */,
				8A9376F3AAD216026CA5CC1A /* standingState.cpp */,
			);
			name = player;
			sourceTree = "<group>";
		};
		B8118C79E563998DA9D23B17 /* src */ = {
			isa = PBXGroup;
			children = (
				63E0BECDEC3611B32121B0C8 /* ofxAnimatable.cpp */,
				D8BC34F84EEF4250EA510DA1 /* ofxAnimatable.h */,
				215F8EB441961E6DB5726BDC /* ofxAnimatableFloat.cpp */,
				E51DEAE12D8B77F012F9A210 /* ofxAnimatableFloat.h */,
				7EDC07079905BBF555E5294B /* ofxAnimatableOfColor.cpp */,
				6B392DF77ACAFB819D599BE6 /* ofxAnimatableOfColor.h */,
				8B56BAFFE6C67C7FC670F205 /* ofxAnimatableOfPoint.cpp */,
				B3BC6675546E0BECCB775E73 /* ofxAnimatableOfPoint.h */,
				016735458997CB76D034294E /* ofxAnimatableQueue.cpp */,
				AF6C6110F0C12B3C45E9C5BE /* ofxAnimatableQueue.h */,
			);
			name = src;
			sourceTree = "<group>";
		};
		BB4B014C10F69532006C3DED /* addons */ = {
			isa = PBXGroup;
			children = (
				8D83D7AC476703EBECC1932D /* ofxAnimatable */,
				768C3255AF2F3E1A78DC4DF4 /* ofxImGui */,
				2865DAEF86B1907A704CA70B /* ofxJSON */,
				D4D526B8AA821D27863CC3A1 /* ofxJoystick */,
				8D82EBF7DBCF242EC80B1CFF /* ofxSceneManager */,
				9DC3A602A27156C0D5D85AF7 /* ofxScreenCurtain */,
				1F4FB5C423662B96ADFDCC0B /* ofxXmlSettings */,
			);
			name = addons;
			sourceTree = "<group>";
		};
		C618591A26FF62625326E2DD /* libs */ = {
			isa = PBXGroup;
			children = (
				8D2869234BA7562D78D731FF /* imgui */,
			);
			name = libs;
			sourceTree = "<group>";
		};
		CCDC6F9CCF925CC402160B85 /* src */ = {
			isa = PBXGroup;
			children = (
				79A2408B36BC1A6A344A0CB5 /* jsoncpp.cpp */,
			);
			name = src;
			sourceTree = "<group>";
		};
		D486FC87F063317BB47E9FAC /* include */ = {
			isa = PBXGroup;
			children = (
				58AD3BD71B781D9BC25763C8 /* json */,
			);
			name = include;
			sourceTree = "<group>";
		};
		D4D526B8AA821D27863CC3A1 /* ofxJoystick */ = {
			isa = PBXGroup;
			children = (
				742D3323128A44980171D3B6 /* src */,
			);
			name = ofxJoystick;
			sourceTree = "<group>";
		};
		D68656A7A93C5C693975989D /* timeLimit */ = {
			isa = PBXGroup;
			children = (
				F378D081F56988B2073BA24D /* timer.cpp */,
				1369BAA229B26CA6C8F7718F /* timer.h */,
			);
			name = timeLimit;
			sourceTree = "<group>";
		};
		E4328144138ABC890047C5CB /* Products */ = {
			isa = PBXGroup;
			children = (
				E4328148138ABC890047C5CB /* openFrameworksDebug.a */,
			);
			name = Products;
			sourceTree = "<group>";
		};
		E4B69B4A0A3A1720003C02F2 = {
			isa = PBXGroup;
			children = (
				E4B6FCAD0C3E899E008CF71C /* openFrameworks-Info.plist */,
				E4EB6923138AFD0F00A09F29 /* Project.xcconfig */,
				E4B69E1C0A3A1BDC003C02F2 /* src */,
				E4EEC9E9138DF44700A80321 /* openFrameworks */,
				BB4B014C10F69532006C3DED /* addons */,
				6948EE371B920CB800B5AC1A /* local_addons */,
				E4B69B5B0A3A1756003C02F2 /* AlternativeAsciiDebug.app */,
			);
			sourceTree = "<group>";
		};
		E4B69E1C0A3A1BDC003C02F2 /* src */ = {
			isa = PBXGroup;
			children = (
				E4B69E1D0A3A1BDC003C02F2 /* main.cpp */,
				E4B69E1E0A3A1BDC003C02F2 /* ofApp.cpp */,
				E4B69E1F0A3A1BDC003C02F2 /* ofApp.h */,
				3827A3E250153DBA091DF477 /* healthBar */,
				E15C832BB3890D55A12FC5AD /* input.cpp */,
				FF801D15CC70F7D6C8714010 /* input.h */,
				A1228BAE968F1E1947403E51 /* navigationBar */,
				B0A7F12708E37F20F6EAD4FF /* player */,
				38210A9855D9757B736E753B /* scene */,
				D68656A7A93C5C693975989D /* timeLimit */,
			);
			path = src;
			sourceTree = SOURCE_ROOT;
		};
		E4EEC9E9138DF44700A80321 /* openFrameworks */ = {
			isa = PBXGroup;
			children = (
				E4EB691F138AFCF100A09F29 /* CoreOF.xcconfig */,
				E4328143138ABC890047C5CB /* openFrameworksLib.xcodeproj */,
			);
			name = openFrameworks;
			sourceTree = "<group>";
		};
		F40E80CB2D443CBA9581DD03 /* libs */ = {
			isa = PBXGroup;
			children = (
				977A836DD2C489CCC5E330FF /* jsoncpp */,
			);
			name = libs;
			sourceTree = "<group>";
		};
/* End PBXGroup section */

/* Begin PBXNativeTarget section */
		E4B69B5A0A3A1756003C02F2 /* AlternativeAscii */ = {
			isa = PBXNativeTarget;
			buildConfigurationList = E4B69B5F0A3A1757003C02F2 /* Build configuration list for PBXNativeTarget "AlternativeAscii" */;
			buildPhases = (
				E4B69B580A3A1756003C02F2 /* Sources */,
				E4B69B590A3A1756003C02F2 /* Frameworks */,
				E4B6FFFD0C3F9AB9008CF71C /* ShellScript */,
				E4C2427710CC5ABF004149E2 /* CopyFiles */,
			);
			buildRules = (
			);
			dependencies = (
				E4EEB9AC138B136A00A80321 /* PBXTargetDependency */,
			);
			name = AlternativeAscii;
			productName = myOFApp;
			productReference = E4B69B5B0A3A1756003C02F2 /* AlternativeAsciiDebug.app */;
			productType = "com.apple.product-type.application";
		};
/* End PBXNativeTarget section */

/* Begin PBXProject section */
		E4B69B4C0A3A1720003C02F2 /* Project object */ = {
			isa = PBXProject;
			attributes = {
				LastUpgradeCheck = 0600;
			};
			buildConfigurationList = E4B69B4D0A3A1720003C02F2 /* Build configuration list for PBXProject "AlternativeAscii" */;
			compatibilityVersion = "Xcode 3.2";
			developmentRegion = English;
			hasScannedForEncodings = 0;
			knownRegions = (
				English,
				Japanese,
				French,
				German,
			);
			mainGroup = E4B69B4A0A3A1720003C02F2;
			productRefGroup = E4B69B4A0A3A1720003C02F2;
			projectDirPath = "";
			projectReferences = (
				{
					ProductGroup = E4328144138ABC890047C5CB /* Products */;
					ProjectRef = E4328143138ABC890047C5CB /* openFrameworksLib.xcodeproj */;
				},
			);
			projectRoot = "";
			targets = (
				E4B69B5A0A3A1756003C02F2 /* AlternativeAscii */,
			);
		};
/* End PBXProject section */

/* Begin PBXReferenceProxy section */
		E4328148138ABC890047C5CB /* openFrameworksDebug.a */ = {
			isa = PBXReferenceProxy;
			fileType = archive.ar;
			path = openFrameworksDebug.a;
			remoteRef = E4328147138ABC890047C5CB /* PBXContainerItemProxy */;
			sourceTree = BUILT_PRODUCTS_DIR;
		};
/* End PBXReferenceProxy section */

/* Begin PBXShellScriptBuildPhase section */
		E4B6FFFD0C3F9AB9008CF71C /* ShellScript */ = {
			isa = PBXShellScriptBuildPhase;
			buildActionMask = 2147483647;
			files = (
			);
			inputPaths = (
			);
			outputPaths = (
			);
			runOnlyForDeploymentPostprocessing = 0;
			shellPath = /bin/sh;
			shellScript = "mkdir -p \"$TARGET_BUILD_DIR/$PRODUCT_NAME.app/Contents/Resources/\"\n# Copy default icon file into App/Resources\nrsync -aved \"$ICON_FILE\" \"$TARGET_BUILD_DIR/$PRODUCT_NAME.app/Contents/Resources/\"\n# Copy libfmod and change install directory for fmod to run\nrsync -aved ../../libs/fmodex/lib/osx/libfmodex.dylib \"$TARGET_BUILD_DIR/$PRODUCT_NAME.app/Contents/Frameworks/\";\ninstall_name_tool -change @executable_path/libfmodex.dylib @executable_path/../Frameworks/libfmodex.dylib \"$TARGET_BUILD_DIR/$PRODUCT_NAME.app/Contents/MacOS/$PRODUCT_NAME\";\n# Copy GLUT framework (must remove for AppStore submissions)\nrsync -aved ../../libs/glut/lib/osx/GLUT.framework \"$TARGET_BUILD_DIR/$PRODUCT_NAME.app/Contents/Frameworks/\"\n";
		};
/* End PBXShellScriptBuildPhase section */

/* Begin PBXSourcesBuildPhase section */
		E4B69B580A3A1756003C02F2 /* Sources */ = {
			isa = PBXSourcesBuildPhase;
			buildActionMask = 2147483647;
			files = (
				E4B69E200A3A1BDC003C02F2 /* main.cpp in Sources */,
				E4B69E210A3A1BDC003C02F2 /* ofApp.cpp in Sources */,
				489CCB3D95883DF854A4E223 /* healthBar.cpp in Sources */,
				ACE62F4D1DF6BD0E002A27A1 /* sceneP.cpp in Sources */,
				BF4934AC9A8DAF70C1AB410D /* input.cpp in Sources */,
				407A5CDA465EFDD1787AF511 /* navigationBar.cpp in Sources */,
				EBD17FC04E6CC2822823A87A /* attackingState.cpp in Sources */,
				69EE3FF00AD004DF261D1756 /* jumpingState.cpp in Sources */,
				592AED75AFCD8B9B1D02F2DE /* movingState.cpp in Sources */,
				EAE415BD3596A274F9E1777B /* passiveState.cpp in Sources */,
				17813EAD687F63E4597319D7 /* player.cpp in Sources */,
				97969231CD7181B9A382EF4C /* playerState.cpp in Sources */,
				672CE4D3A75ECB3C1946900D /* standingState.cpp in Sources */,
				E2A78E212B5A2DEE8DEFCDA2 /* gameMain.cpp in Sources */,
				E7C0D5EF1488D1409AAA35FD /* gameTitle.cpp in Sources */,
				ACE62F531DF6C166002A27A1 /* sceneYanai.cpp in Sources */,
				7B3EF53EDA89A41ECDE9ADF4 /* timer.cpp in Sources */,
				28508E0A54B8B8CAF6FC376D /* ofxAnimatable.cpp in Sources */,
				E432EC975AE8560884FFB363 /* ofxAnimatableFloat.cpp in Sources */,
				426603D3A6195FA20CC19F69 /* ofxAnimatableOfColor.cpp in Sources */,
				571DDCA398E3FC1125284399 /* ofxAnimatableOfPoint.cpp in Sources */,
				21C15CE8D8F05ED6AD1419B8 /* ofxAnimatableQueue.cpp in Sources */,
				94C3A35816CF6A0DE0CD3082 /* BaseEngine.cpp in Sources */,
				16DA7893AA87978367B3FE42 /* BaseTheme.cpp in Sources */,
				5EE106109ED4296F2BC9F486 /* EngineGLFW.cpp in Sources */,
				3A218F305615FD3444748F89 /* EngineOpenGLES.cpp in Sources */,
				9DC1ED16CF964E5831619872 /* ofxImGui.cpp in Sources */,
				2C415C82BFDA7A09DBC08479 /* imgui.cpp in Sources */,
				E9BEF156FDF41BA086E9DC15 /* imgui_demo.cpp in Sources */,
				629150F93404AC3B00B959DE /* imgui_draw.cpp in Sources */,
				6B510B08B3ABDF0145095143 /* ofxJSONElement.cpp in Sources */,
				28AEE041B410B056F5E6C2EC /* jsoncpp.cpp in Sources */,
				6B1CA8C98EA80149EBCD25F2 /* ofxJoystick.cpp in Sources */,
				0B3EDBD811C0AAB4E8666D5D /* ofxSceneManager.cpp in Sources */,
				CE441544D6CE368D7F1670A3 /* ofxScreenCurtain.cpp in Sources */,
				0C626D3D484EA5FB87A6AD23 /* ofxXmlSettings.cpp in Sources */,
				28DC652211D4AF8CC023D568 /* tinyxml.cpp in Sources */,
				F877D69532909AE487E0EF22 /* tinyxmlerror.cpp in Sources */,
				ACE62F501DF6C050002A27A1 /* sceneWem.cpp in Sources */,
				32E2318B89B6217AE6052155 /* tinyxmlparser.cpp in Sources */,
			);
			runOnlyForDeploymentPostprocessing = 0;
		};
/* End PBXSourcesBuildPhase section */

/* Begin PBXTargetDependency section */
		E4EEB9AC138B136A00A80321 /* PBXTargetDependency */ = {
			isa = PBXTargetDependency;
			name = openFrameworks;
			targetProxy = E4EEB9AB138B136A00A80321 /* PBXContainerItemProxy */;
		};
/* End PBXTargetDependency section */

/* Begin XCBuildConfiguration section */
		E4B69B4E0A3A1720003C02F2 /* Debug */ = {
			isa = XCBuildConfiguration;
			baseConfigurationReference = E4EB6923138AFD0F00A09F29 /* Project.xcconfig */;
			buildSettings = {
				CONFIGURATION_BUILD_DIR = "$(SRCROOT)/bin/";
				COPY_PHASE_STRIP = NO;
				DEAD_CODE_STRIPPING = YES;
				GCC_AUTO_VECTORIZATION = YES;
				GCC_ENABLE_SSE3_EXTENSIONS = YES;
				GCC_ENABLE_SUPPLEMENTAL_SSE3_INSTRUCTIONS = YES;
				GCC_INLINES_ARE_PRIVATE_EXTERN = NO;
				GCC_OPTIMIZATION_LEVEL = 0;
				GCC_SYMBOLS_PRIVATE_EXTERN = NO;
				GCC_WARN_ABOUT_DEPRECATED_FUNCTIONS = YES;
				GCC_WARN_ABOUT_INVALID_OFFSETOF_MACRO = NO;
				GCC_WARN_ALLOW_INCOMPLETE_PROTOCOL = NO;
				GCC_WARN_UNINITIALIZED_AUTOS = NO;
				GCC_WARN_UNUSED_VALUE = NO;
				GCC_WARN_UNUSED_VARIABLE = NO;
				HEADER_SEARCH_PATHS = (
					"$(OF_CORE_HEADERS)",
					src,
					src/healthBar,
					src/navigationBar,
					src/player,
					src/scene,
					src/timeLimit,
					../../addons/ofxAnimatable/src,
					../../addons/ofxImGui/libs,
					../../addons/ofxImGui/libs/imgui,
					../../addons/ofxImGui/libs/imgui/src,
					../../addons/ofxImGui/src,
					../../addons/ofxJSON/libs,
					../../addons/ofxJSON/libs/jsoncpp,
					../../addons/ofxJSON/libs/jsoncpp/include,
					../../addons/ofxJSON/libs/jsoncpp/include/json,
					../../addons/ofxJSON/libs/jsoncpp/src,
					../../addons/ofxJSON/src,
					../../addons/ofxJoystick/src,
					../../addons/ofxSceneManager/src,
					../../addons/ofxScreenCurtain/src,
					../../addons/ofxXmlSettings/libs,
					../../addons/ofxXmlSettings/src,
				);
				MACOSX_DEPLOYMENT_TARGET = 10.8;
				ONLY_ACTIVE_ARCH = YES;
				OTHER_CPLUSPLUSFLAGS = (
					"-D__MACOSX_CORE__",
					"-mtune=native",
				);
				SDKROOT = macosx;
			};
			name = Debug;
		};
		E4B69B4F0A3A1720003C02F2 /* Release */ = {
			isa = XCBuildConfiguration;
			baseConfigurationReference = E4EB6923138AFD0F00A09F29 /* Project.xcconfig */;
			buildSettings = {
				CONFIGURATION_BUILD_DIR = "$(SRCROOT)/bin/";
				COPY_PHASE_STRIP = YES;
				DEAD_CODE_STRIPPING = YES;
				GCC_AUTO_VECTORIZATION = YES;
				GCC_ENABLE_SSE3_EXTENSIONS = YES;
				GCC_ENABLE_SUPPLEMENTAL_SSE3_INSTRUCTIONS = YES;
				GCC_INLINES_ARE_PRIVATE_EXTERN = NO;
				GCC_OPTIMIZATION_LEVEL = 3;
				GCC_SYMBOLS_PRIVATE_EXTERN = NO;
				GCC_UNROLL_LOOPS = YES;
				GCC_WARN_ABOUT_DEPRECATED_FUNCTIONS = YES;
				GCC_WARN_ABOUT_INVALID_OFFSETOF_MACRO = NO;
				GCC_WARN_ALLOW_INCOMPLETE_PROTOCOL = NO;
				GCC_WARN_UNINITIALIZED_AUTOS = NO;
				GCC_WARN_UNUSED_VALUE = NO;
				GCC_WARN_UNUSED_VARIABLE = NO;
				HEADER_SEARCH_PATHS = (
					"$(OF_CORE_HEADERS)",
					src,
					src/healthBar,
					src/navigationBar,
					src/player,
					src/scene,
					src/timeLimit,
					../../addons/ofxAnimatable/src,
					../../addons/ofxImGui/libs,
					../../addons/ofxImGui/libs/imgui,
					../../addons/ofxImGui/libs/imgui/src,
					../../addons/ofxImGui/src,
					../../addons/ofxJSON/libs,
					../../addons/ofxJSON/libs/jsoncpp,
					../../addons/ofxJSON/libs/jsoncpp/include,
					../../addons/ofxJSON/libs/jsoncpp/include/json,
					../../addons/ofxJSON/libs/jsoncpp/src,
					../../addons/ofxJSON/src,
					../../addons/ofxJoystick/src,
					../../addons/ofxSceneManager/src,
					../../addons/ofxScreenCurtain/src,
					../../addons/ofxXmlSettings/libs,
					../../addons/ofxXmlSettings/src,
				);
				MACOSX_DEPLOYMENT_TARGET = 10.8;
				OTHER_CPLUSPLUSFLAGS = (
					"-D__MACOSX_CORE__",
					"-mtune=native",
				);
				SDKROOT = macosx;
			};
			name = Release;
		};
		E4B69B600A3A1757003C02F2 /* Debug */ = {
			isa = XCBuildConfiguration;
			baseConfigurationReference = E4EB6923138AFD0F00A09F29 /* Project.xcconfig */;
			buildSettings = {
				COMBINE_HIDPI_IMAGES = YES;
				COPY_PHASE_STRIP = NO;
				FRAMEWORK_SEARCH_PATHS = (
					"$(inherited)",
					"$(FRAMEWORK_SEARCH_PATHS_QUOTED_FOR_TARGET_1)",
				);
				FRAMEWORK_SEARCH_PATHS_QUOTED_FOR_TARGET_1 = "\"$(SRCROOT)/../../libs/glut/lib/osx\"";
				GCC_DYNAMIC_NO_PIC = NO;
				GCC_GENERATE_DEBUGGING_SYMBOLS = YES;
				GCC_MODEL_TUNING = NONE;
				HEADER_SEARCH_PATHS = (
					"$(OF_CORE_HEADERS)",
					src,
					src/healthBar,
					src/navigationBar,
					src/player,
					src/scene,
					src/timeLimit,
					../../addons/ofxAnimatable/src,
					../../addons/ofxImGui/libs,
					../../addons/ofxImGui/libs/imgui,
					../../addons/ofxImGui/libs/imgui/src,
					../../addons/ofxImGui/src,
					../../addons/ofxJSON/libs,
					../../addons/ofxJSON/libs/jsoncpp,
					../../addons/ofxJSON/libs/jsoncpp/include,
					../../addons/ofxJSON/libs/jsoncpp/include/json,
					../../addons/ofxJSON/libs/jsoncpp/src,
					../../addons/ofxJSON/src,
					../../addons/ofxJoystick/src,
					../../addons/ofxSceneManager/src,
					../../addons/ofxScreenCurtain/src,
					../../addons/ofxXmlSettings/libs,
					../../addons/ofxXmlSettings/src,
				);
				ICON = "$(ICON_NAME_DEBUG)";
				ICON_FILE = "$(ICON_FILE_PATH)$(ICON)";
				INFOPLIST_FILE = "openFrameworks-Info.plist";
				INSTALL_PATH = /Applications;
				LIBRARY_SEARCH_PATHS = "$(inherited)";
				PRODUCT_NAME = "$(TARGET_NAME)Debug";
				WRAPPER_EXTENSION = app;
			};
			name = Debug;
		};
		E4B69B610A3A1757003C02F2 /* Release */ = {
			isa = XCBuildConfiguration;
			baseConfigurationReference = E4EB6923138AFD0F00A09F29 /* Project.xcconfig */;
			buildSettings = {
				COMBINE_HIDPI_IMAGES = YES;
				COPY_PHASE_STRIP = YES;
				FRAMEWORK_SEARCH_PATHS = (
					"$(inherited)",
					"$(FRAMEWORK_SEARCH_PATHS_QUOTED_FOR_TARGET_1)",
				);
				FRAMEWORK_SEARCH_PATHS_QUOTED_FOR_TARGET_1 = "\"$(SRCROOT)/../../libs/glut/lib/osx\"";
				GCC_GENERATE_DEBUGGING_SYMBOLS = YES;
				GCC_MODEL_TUNING = NONE;
				HEADER_SEARCH_PATHS = (
					"$(OF_CORE_HEADERS)",
					src,
					src/healthBar,
					src/navigationBar,
					src/player,
					src/scene,
					src/timeLimit,
					../../addons/ofxAnimatable/src,
					../../addons/ofxImGui/libs,
					../../addons/ofxImGui/libs/imgui,
					../../addons/ofxImGui/libs/imgui/src,
					../../addons/ofxImGui/src,
					../../addons/ofxJSON/libs,
					../../addons/ofxJSON/libs/jsoncpp,
					../../addons/ofxJSON/libs/jsoncpp/include,
					../../addons/ofxJSON/libs/jsoncpp/include/json,
					../../addons/ofxJSON/libs/jsoncpp/src,
					../../addons/ofxJSON/src,
					../../addons/ofxJoystick/src,
					../../addons/ofxSceneManager/src,
					../../addons/ofxScreenCurtain/src,
					../../addons/ofxXmlSettings/libs,
					../../addons/ofxXmlSettings/src,
				);
				ICON = "$(ICON_NAME_RELEASE)";
				ICON_FILE = "$(ICON_FILE_PATH)$(ICON)";
				INFOPLIST_FILE = "openFrameworks-Info.plist";
				INSTALL_PATH = /Applications;
				LIBRARY_SEARCH_PATHS = "$(inherited)";
				PRODUCT_NAME = "$(TARGET_NAME)";
				WRAPPER_EXTENSION = app;
				baseConfigurationReference = E4EB6923138AFD0F00A09F29;
			};
			name = Release;
		};
/* End XCBuildConfiguration section */

/* Begin XCConfigurationList section */
		E4B69B4D0A3A1720003C02F2 /* Build configuration list for PBXProject "AlternativeAscii" */ = {
			isa = XCConfigurationList;
			buildConfigurations = (
				E4B69B4E0A3A1720003C02F2 /* Debug */,
				E4B69B4F0A3A1720003C02F2 /* Release */,
			);
			defaultConfigurationIsVisible = 0;
			defaultConfigurationName = Release;
		};
		E4B69B5F0A3A1757003C02F2 /* Build configuration list for PBXNativeTarget "AlternativeAscii" */ = {
			isa = XCConfigurationList;
			buildConfigurations = (
				E4B69B600A3A1757003C02F2 /* Debug */,
				E4B69B610A3A1757003C02F2 /* Release */,
			);
			defaultConfigurationIsVisible = 0;
			defaultConfigurationName = Release;
		};
/* End XCConfigurationList section */
	};
	rootObject = E4B69B4C0A3A1720003C02F2 /* Project object */;
}
