<?xml version="1.0"?>
<plist version="1.0">
	<dict>
		<key>archiveVersion</key>
		<string>1</string>
		<key>classes</key>
		<dict />
		<key>objectVersion</key>
		<string>46</string>
		<key>objects</key>
		<dict>
			<key>32E2318B89B6217AE6052155</key>
			<dict>
				<key>fileRef</key>
				<string>723AE465948C9C9893893BC8</string>
				<key>isa</key>
				<string>PBXBuildFile</string>
			</dict>
			<key>723AE465948C9C9893893BC8</key>
			<dict>
				<key>explicitFileType</key>
				<string>sourcecode.cpp.cpp</string>
				<key>fileEncoding</key>
				<string>30</string>
				<key>isa</key>
				<string>PBXFileReference</string>
				<key>name</key>
				<string>tinyxmlparser.cpp</string>
				<key>path</key>
				<string>../../addons/ofxXmlSettings/libs/tinyxmlparser.cpp</string>
				<key>sourceTree</key>
				<string>SOURCE_ROOT</string>
			</dict>
			<key>F877D69532909AE487E0EF22</key>
			<dict>
				<key>fileRef</key>
				<string>572960DD09FAC11DCF63ED27</string>
				<key>isa</key>
				<string>PBXBuildFile</string>
			</dict>
			<key>572960DD09FAC11DCF63ED27</key>
			<dict>
				<key>explicitFileType</key>
				<string>sourcecode.cpp.cpp</string>
				<key>fileEncoding</key>
				<string>30</string>
				<key>isa</key>
				<string>PBXFileReference</string>
				<key>name</key>
				<string>tinyxmlerror.cpp</string>
				<key>path</key>
				<string>../../addons/ofxXmlSettings/libs/tinyxmlerror.cpp</string>
				<key>sourceTree</key>
				<string>SOURCE_ROOT</string>
			</dict>
			<key>67DC64ADF8E00E1888BFF187</key>
			<dict>
				<key>explicitFileType</key>
				<string>sourcecode.c.h</string>
				<key>fileEncoding</key>
				<string>30</string>
				<key>isa</key>
				<string>PBXFileReference</string>
				<key>name</key>
				<string>tinyxml.h</string>
				<key>path</key>
				<string>../../addons/ofxXmlSettings/libs/tinyxml.h</string>
				<key>sourceTree</key>
				<string>SOURCE_ROOT</string>
			</dict>
			<key>6E54289412D2D94F45A05113</key>
			<dict>
				<key>children</key>
				<array>
					<string>97E9772CB5B04FB62A872480</string>
					<string>67DC64ADF8E00E1888BFF187</string>
					<string>572960DD09FAC11DCF63ED27</string>
					<string>723AE465948C9C9893893BC8</string>
				</array>
				<key>isa</key>
				<string>PBXGroup</string>
				<key>name</key>
				<string>libs</string>
				<key>sourceTree</key>
				<string>&lt;group&gt;</string>
			</dict>
			<key>28DC652211D4AF8CC023D568</key>
			<dict>
				<key>fileRef</key>
				<string>97E9772CB5B04FB62A872480</string>
				<key>isa</key>
				<string>PBXBuildFile</string>
			</dict>
			<key>97E9772CB5B04FB62A872480</key>
			<dict>
				<key>explicitFileType</key>
				<string>sourcecode.cpp.cpp</string>
				<key>fileEncoding</key>
				<string>30</string>
				<key>isa</key>
				<string>PBXFileReference</string>
				<key>name</key>
				<string>tinyxml.cpp</string>
				<key>path</key>
				<string>../../addons/ofxXmlSettings/libs/tinyxml.cpp</string>
				<key>sourceTree</key>
				<string>SOURCE_ROOT</string>
			</dict>
			<key>2A607BDC0F2A17EC184D8D62</key>
			<dict>
				<key>explicitFileType</key>
				<string>sourcecode.c.h</string>
				<key>fileEncoding</key>
				<string>30</string>
				<key>isa</key>
				<string>PBXFileReference</string>
				<key>name</key>
				<string>ofxXmlSettings.h</string>
				<key>path</key>
				<string>../../addons/ofxXmlSettings/src/ofxXmlSettings.h</string>
				<key>sourceTree</key>
				<string>SOURCE_ROOT</string>
			</dict>
			<key>6ECEF0D76BC33727823EADFF</key>
			<dict>
				<key>children</key>
				<array>
					<string>B63793AAC401CFEE868708F2</string>
					<string>2A607BDC0F2A17EC184D8D62</string>
				</array>
				<key>isa</key>
				<string>PBXGroup</string>
				<key>name</key>
				<string>src</string>
				<key>sourceTree</key>
				<string>&lt;group&gt;</string>
			</dict>
			<key>1F4FB5C423662B96ADFDCC0B</key>
			<dict>
				<key>children</key>
				<array>
					<string>6ECEF0D76BC33727823EADFF</string>
					<string>6E54289412D2D94F45A05113</string>
				</array>
				<key>isa</key>
				<string>PBXGroup</string>
				<key>name</key>
				<string>ofxXmlSettings</string>
				<key>sourceTree</key>
				<string>&lt;group&gt;</string>
			</dict>
			<key>0C626D3D484EA5FB87A6AD23</key>
			<dict>
				<key>fileRef</key>
				<string>B63793AAC401CFEE868708F2</string>
				<key>isa</key>
				<string>PBXBuildFile</string>
			</dict>
			<key>B63793AAC401CFEE868708F2</key>
			<dict>
				<key>explicitFileType</key>
				<string>sourcecode.cpp.cpp</string>
				<key>fileEncoding</key>
				<string>30</string>
				<key>isa</key>
				<string>PBXFileReference</string>
				<key>name</key>
				<string>ofxXmlSettings.cpp</string>
				<key>path</key>
				<string>../../addons/ofxXmlSettings/src/ofxXmlSettings.cpp</string>
				<key>sourceTree</key>
				<string>SOURCE_ROOT</string>
			</dict>
			<key>867D620BD0A140C461ED9E7E</key>
			<dict>
				<key>explicitFileType</key>
				<string>sourcecode.c.h</string>
				<key>fileEncoding</key>
				<string>30</string>
				<key>isa</key>
				<string>PBXFileReference</string>
				<key>name</key>
				<string>ofxScreenCurtain.h</string>
				<key>path</key>
				<string>../../addons/ofxScreenCurtain/src/ofxScreenCurtain.h</string>
				<key>sourceTree</key>
				<string>SOURCE_ROOT</string>
			</dict>
			<key>54F5C03126EF2DA913AC2FFF</key>
			<dict>
				<key>children</key>
				<array>
					<string>F30A0E85AD0500C33048FECA</string>
					<string>867D620BD0A140C461ED9E7E</string>
				</array>
				<key>isa</key>
				<string>PBXGroup</string>
				<key>name</key>
				<string>src</string>
				<key>sourceTree</key>
				<string>&lt;group&gt;</string>
			</dict>
			<key>9DC3A602A27156C0D5D85AF7</key>
			<dict>
				<key>children</key>
				<array>
					<string>54F5C03126EF2DA913AC2FFF</string>
				</array>
				<key>isa</key>
				<string>PBXGroup</string>
				<key>name</key>
				<string>ofxScreenCurtain</string>
				<key>sourceTree</key>
				<string>&lt;group&gt;</string>
			</dict>
			<key>CE441544D6CE368D7F1670A3</key>
			<dict>
				<key>fileRef</key>
				<string>F30A0E85AD0500C33048FECA</string>
				<key>isa</key>
				<string>PBXBuildFile</string>
			</dict>
			<key>F30A0E85AD0500C33048FECA</key>
			<dict>
				<key>explicitFileType</key>
				<string>sourcecode.cpp.cpp</string>
				<key>fileEncoding</key>
				<string>30</string>
				<key>isa</key>
				<string>PBXFileReference</string>
				<key>name</key>
				<string>ofxScreenCurtain.cpp</string>
				<key>path</key>
				<string>../../addons/ofxScreenCurtain/src/ofxScreenCurtain.cpp</string>
				<key>sourceTree</key>
				<string>SOURCE_ROOT</string>
			</dict>
			<key>3E526D0CF1858E9DA52E99ED</key>
			<dict>
				<key>explicitFileType</key>
				<string>sourcecode.c.h</string>
				<key>fileEncoding</key>
				<string>30</string>
				<key>isa</key>
				<string>PBXFileReference</string>
				<key>name</key>
				<string>ofxSceneManager.h</string>
				<key>path</key>
				<string>../../addons/ofxSceneManager/src/ofxSceneManager.h</string>
				<key>sourceTree</key>
				<string>SOURCE_ROOT</string>
			</dict>
			<key>0B3EDBD811C0AAB4E8666D5D</key>
			<dict>
				<key>fileRef</key>
				<string>111B02F3CFDE8C77CC5238AE</string>
				<key>isa</key>
				<string>PBXBuildFile</string>
			</dict>
			<key>111B02F3CFDE8C77CC5238AE</key>
			<dict>
				<key>explicitFileType</key>
				<string>sourcecode.cpp.cpp</string>
				<key>fileEncoding</key>
				<string>30</string>
				<key>isa</key>
				<string>PBXFileReference</string>
				<key>name</key>
				<string>ofxSceneManager.cpp</string>
				<key>path</key>
				<string>../../addons/ofxSceneManager/src/ofxSceneManager.cpp</string>
				<key>sourceTree</key>
				<string>SOURCE_ROOT</string>
			</dict>
			<key>0CB036595DE6BC2D33AB8FE1</key>
			<dict>
				<key>children</key>
				<array>
					<string>A666F90C7C7214A2A0E8AC76</string>
					<string>111B02F3CFDE8C77CC5238AE</string>
					<string>3E526D0CF1858E9DA52E99ED</string>
				</array>
				<key>isa</key>
				<string>PBXGroup</string>
				<key>name</key>
				<string>src</string>
				<key>sourceTree</key>
				<string>&lt;group&gt;</string>
			</dict>
			<key>8D82EBF7DBCF242EC80B1CFF</key>
			<dict>
				<key>children</key>
				<array>
					<string>0CB036595DE6BC2D33AB8FE1</string>
				</array>
				<key>isa</key>
				<string>PBXGroup</string>
				<key>name</key>
				<string>ofxSceneManager</string>
				<key>sourceTree</key>
				<string>&lt;group&gt;</string>
			</dict>
			<key>A666F90C7C7214A2A0E8AC76</key>
			<dict>
				<key>explicitFileType</key>
				<string>sourcecode.c.h</string>
				<key>fileEncoding</key>
				<string>30</string>
				<key>isa</key>
				<string>PBXFileReference</string>
				<key>name</key>
				<string>ofxScene.h</string>
				<key>path</key>
				<string>../../addons/ofxSceneManager/src/ofxScene.h</string>
				<key>sourceTree</key>
				<string>SOURCE_ROOT</string>
			</dict>
			<key>7344F40A9EF4C26DE3A29B15</key>
			<dict>
				<key>explicitFileType</key>
				<string>sourcecode.c.h</string>
				<key>fileEncoding</key>
				<string>30</string>
				<key>isa</key>
				<string>PBXFileReference</string>
				<key>name</key>
				<string>ofxJoystick.h</string>
				<key>path</key>
				<string>../../addons/ofxJoystick/src/ofxJoystick.h</string>
				<key>sourceTree</key>
				<string>SOURCE_ROOT</string>
			</dict>
			<key>742D3323128A44980171D3B6</key>
			<dict>
				<key>children</key>
				<array>
					<string>DC1ABEFDD10ABE09E5270A9E</string>
					<string>7344F40A9EF4C26DE3A29B15</string>
				</array>
				<key>isa</key>
				<string>PBXGroup</string>
				<key>name</key>
				<string>src</string>
				<key>sourceTree</key>
				<string>&lt;group&gt;</string>
			</dict>
			<key>D4D526B8AA821D27863CC3A1</key>
			<dict>
				<key>children</key>
				<array>
					<string>742D3323128A44980171D3B6</string>
				</array>
				<key>isa</key>
				<string>PBXGroup</string>
				<key>name</key>
				<string>ofxJoystick</string>
				<key>sourceTree</key>
				<string>&lt;group&gt;</string>
			</dict>
			<key>6B1CA8C98EA80149EBCD25F2</key>
			<dict>
				<key>fileRef</key>
				<string>DC1ABEFDD10ABE09E5270A9E</string>
				<key>isa</key>
				<string>PBXBuildFile</string>
			</dict>
			<key>DC1ABEFDD10ABE09E5270A9E</key>
			<dict>
				<key>explicitFileType</key>
				<string>sourcecode.cpp.cpp</string>
				<key>fileEncoding</key>
				<string>30</string>
				<key>isa</key>
				<string>PBXFileReference</string>
				<key>name</key>
				<string>ofxJoystick.cpp</string>
				<key>path</key>
				<string>../../addons/ofxJoystick/src/ofxJoystick.cpp</string>
				<key>sourceTree</key>
				<string>SOURCE_ROOT</string>
			</dict>
			<key>CCDC6F9CCF925CC402160B85</key>
			<dict>
				<key>children</key>
				<array>
					<string>79A2408B36BC1A6A344A0CB5</string>
				</array>
				<key>isa</key>
				<string>PBXGroup</string>
				<key>name</key>
				<string>src</string>
				<key>sourceTree</key>
				<string>&lt;group&gt;</string>
			</dict>
			<key>28AEE041B410B056F5E6C2EC</key>
			<dict>
				<key>fileRef</key>
				<string>79A2408B36BC1A6A344A0CB5</string>
				<key>isa</key>
				<string>PBXBuildFile</string>
			</dict>
			<key>79A2408B36BC1A6A344A0CB5</key>
			<dict>
				<key>explicitFileType</key>
				<string>sourcecode.cpp.cpp</string>
				<key>fileEncoding</key>
				<string>30</string>
				<key>isa</key>
				<string>PBXFileReference</string>
				<key>name</key>
				<string>jsoncpp.cpp</string>
				<key>path</key>
				<string>../../addons/ofxJSON/libs/jsoncpp/src/jsoncpp.cpp</string>
				<key>sourceTree</key>
				<string>SOURCE_ROOT</string>
			</dict>
			<key>5407F19529431F450711B886</key>
			<dict>
				<key>explicitFileType</key>
				<string>sourcecode.c.h</string>
				<key>fileEncoding</key>
				<string>30</string>
				<key>isa</key>
				<string>PBXFileReference</string>
				<key>name</key>
				<string>json.h</string>
				<key>path</key>
				<string>../../addons/ofxJSON/libs/jsoncpp/include/json/json.h</string>
				<key>sourceTree</key>
				<string>SOURCE_ROOT</string>
			</dict>
			<key>58AD3BD71B781D9BC25763C8</key>
			<dict>
				<key>children</key>
				<array>
					<string>39F03BC58045185A868368B6</string>
					<string>5407F19529431F450711B886</string>
				</array>
				<key>isa</key>
				<string>PBXGroup</string>
				<key>name</key>
				<string>json</string>
				<key>sourceTree</key>
				<string>&lt;group&gt;</string>
			</dict>
			<key>D486FC87F063317BB47E9FAC</key>
			<dict>
				<key>children</key>
				<array>
					<string>58AD3BD71B781D9BC25763C8</string>
				</array>
				<key>isa</key>
				<string>PBXGroup</string>
				<key>name</key>
				<string>include</string>
				<key>sourceTree</key>
				<string>&lt;group&gt;</string>
			</dict>
			<key>977A836DD2C489CCC5E330FF</key>
			<dict>
				<key>children</key>
				<array>
					<string>D486FC87F063317BB47E9FAC</string>
					<string>CCDC6F9CCF925CC402160B85</string>
				</array>
				<key>isa</key>
				<string>PBXGroup</string>
				<key>name</key>
				<string>jsoncpp</string>
				<key>sourceTree</key>
				<string>&lt;group&gt;</string>
			</dict>
			<key>F40E80CB2D443CBA9581DD03</key>
			<dict>
				<key>children</key>
				<array>
					<string>977A836DD2C489CCC5E330FF</string>
				</array>
				<key>isa</key>
				<string>PBXGroup</string>
				<key>name</key>
				<string>libs</string>
				<key>sourceTree</key>
				<string>&lt;group&gt;</string>
			</dict>
			<key>39F03BC58045185A868368B6</key>
			<dict>
				<key>explicitFileType</key>
				<string>sourcecode.c.h</string>
				<key>fileEncoding</key>
				<string>30</string>
				<key>isa</key>
				<string>PBXFileReference</string>
				<key>name</key>
				<string>json-forwards.h</string>
				<key>path</key>
				<string>../../addons/ofxJSON/libs/jsoncpp/include/json/json-forwards.h</string>
				<key>sourceTree</key>
				<string>SOURCE_ROOT</string>
			</dict>
			<key>1ABCA16BEF1B784BC11B6396</key>
			<dict>
				<key>explicitFileType</key>
				<string>sourcecode.c.h</string>
				<key>fileEncoding</key>
				<string>30</string>
				<key>isa</key>
				<string>PBXFileReference</string>
				<key>name</key>
				<string>ofxJSONElement.h</string>
				<key>path</key>
				<string>../../addons/ofxJSON/src/ofxJSONElement.h</string>
				<key>sourceTree</key>
				<string>SOURCE_ROOT</string>
			</dict>
			<key>6B510B08B3ABDF0145095143</key>
			<dict>
				<key>fileRef</key>
				<string>D07F4DACD7E0D6AB3D1B2970</string>
				<key>isa</key>
				<string>PBXBuildFile</string>
			</dict>
			<key>D07F4DACD7E0D6AB3D1B2970</key>
			<dict>
				<key>explicitFileType</key>
				<string>sourcecode.cpp.cpp</string>
				<key>fileEncoding</key>
				<string>30</string>
				<key>isa</key>
				<string>PBXFileReference</string>
				<key>name</key>
				<string>ofxJSONElement.cpp</string>
				<key>path</key>
				<string>../../addons/ofxJSON/src/ofxJSONElement.cpp</string>
				<key>sourceTree</key>
				<string>SOURCE_ROOT</string>
			</dict>
			<key>292AF6148769654D0DF26018</key>
			<dict>
				<key>children</key>
				<array>
					<string>1B92080582950E2B512F0387</string>
					<string>D07F4DACD7E0D6AB3D1B2970</string>
					<string>1ABCA16BEF1B784BC11B6396</string>
				</array>
				<key>isa</key>
				<string>PBXGroup</string>
				<key>name</key>
				<string>src</string>
				<key>sourceTree</key>
				<string>&lt;group&gt;</string>
			</dict>
			<key>2865DAEF86B1907A704CA70B</key>
			<dict>
				<key>children</key>
				<array>
					<string>292AF6148769654D0DF26018</string>
					<string>F40E80CB2D443CBA9581DD03</string>
				</array>
				<key>isa</key>
				<string>PBXGroup</string>
				<key>name</key>
				<string>ofxJSON</string>
				<key>sourceTree</key>
				<string>&lt;group&gt;</string>
			</dict>
			<key>1B92080582950E2B512F0387</key>
			<dict>
				<key>explicitFileType</key>
				<string>sourcecode.c.h</string>
				<key>fileEncoding</key>
				<string>30</string>
				<key>isa</key>
				<string>PBXFileReference</string>
				<key>name</key>
				<string>ofxJSON.h</string>
				<key>path</key>
				<string>../../addons/ofxJSON/src/ofxJSON.h</string>
				<key>sourceTree</key>
				<string>SOURCE_ROOT</string>
			</dict>
			<key>E6F7AE33D73B16007F713ED4</key>
			<dict>
				<key>explicitFileType</key>
				<string>sourcecode.c.h</string>
				<key>fileEncoding</key>
				<string>30</string>
				<key>isa</key>
				<string>PBXFileReference</string>
				<key>name</key>
				<string>stb_truetype.h</string>
				<key>path</key>
				<string>../../addons/ofxImGui/libs/imgui/src/stb_truetype.h</string>
				<key>sourceTree</key>
				<string>SOURCE_ROOT</string>
			</dict>
			<key>B084B8C85AA0DE22E6210796</key>
			<dict>
				<key>explicitFileType</key>
				<string>sourcecode.c.h</string>
				<key>fileEncoding</key>
				<string>30</string>
				<key>isa</key>
				<string>PBXFileReference</string>
				<key>name</key>
				<string>stb_textedit.h</string>
				<key>path</key>
				<string>../../addons/ofxImGui/libs/imgui/src/stb_textedit.h</string>
				<key>sourceTree</key>
				<string>SOURCE_ROOT</string>
			</dict>
			<key>4D417C50A1C963A150B69C0E</key>
			<dict>
				<key>explicitFileType</key>
				<string>sourcecode.c.h</string>
				<key>fileEncoding</key>
				<string>30</string>
				<key>isa</key>
				<string>PBXFileReference</string>
				<key>name</key>
				<string>stb_rect_pack.h</string>
				<key>path</key>
				<string>../../addons/ofxImGui/libs/imgui/src/stb_rect_pack.h</string>
				<key>sourceTree</key>
				<string>SOURCE_ROOT</string>
			</dict>
			<key>60E40FC34E5714FD0FE4EE62</key>
			<dict>
				<key>explicitFileType</key>
				<string>sourcecode.c.h</string>
				<key>fileEncoding</key>
				<string>30</string>
				<key>isa</key>
				<string>PBXFileReference</string>
				<key>name</key>
				<string>imgui_internal.h</string>
				<key>path</key>
				<string>../../addons/ofxImGui/libs/imgui/src/imgui_internal.h</string>
				<key>sourceTree</key>
				<string>SOURCE_ROOT</string>
			</dict>
			<key>629150F93404AC3B00B959DE</key>
			<dict>
				<key>fileRef</key>
				<string>F768C7EE10772D1A6AE02E2C</string>
				<key>isa</key>
				<string>PBXBuildFile</string>
			</dict>
			<key>F768C7EE10772D1A6AE02E2C</key>
			<dict>
				<key>explicitFileType</key>
				<string>sourcecode.cpp.cpp</string>
				<key>fileEncoding</key>
				<string>30</string>
				<key>isa</key>
				<string>PBXFileReference</string>
				<key>name</key>
				<string>imgui_draw.cpp</string>
				<key>path</key>
				<string>../../addons/ofxImGui/libs/imgui/src/imgui_draw.cpp</string>
				<key>sourceTree</key>
				<string>SOURCE_ROOT</string>
			</dict>
			<key>E9BEF156FDF41BA086E9DC15</key>
			<dict>
				<key>fileRef</key>
				<string>DBC9A0CC2A1BC1B2319EF9C7</string>
				<key>isa</key>
				<string>PBXBuildFile</string>
			</dict>
			<key>DBC9A0CC2A1BC1B2319EF9C7</key>
			<dict>
				<key>explicitFileType</key>
				<string>sourcecode.cpp.cpp</string>
				<key>fileEncoding</key>
				<string>30</string>
				<key>isa</key>
				<string>PBXFileReference</string>
				<key>name</key>
				<string>imgui_demo.cpp</string>
				<key>path</key>
				<string>../../addons/ofxImGui/libs/imgui/src/imgui_demo.cpp</string>
				<key>sourceTree</key>
				<string>SOURCE_ROOT</string>
			</dict>
			<key>7169B9AE924C05250ADDCC6B</key>
			<dict>
				<key>explicitFileType</key>
				<string>sourcecode.c.h</string>
				<key>fileEncoding</key>
				<string>30</string>
				<key>isa</key>
				<string>PBXFileReference</string>
				<key>name</key>
				<string>imgui.h</string>
				<key>path</key>
				<string>../../addons/ofxImGui/libs/imgui/src/imgui.h</string>
				<key>sourceTree</key>
				<string>SOURCE_ROOT</string>
			</dict>
			<key>807146441E0D13714E9F4654</key>
			<dict>
				<key>children</key>
				<array>
					<string>BA6CF6729E3BFA6E5354BB3D</string>
					<string>7169B9AE924C05250ADDCC6B</string>
					<string>DBC9A0CC2A1BC1B2319EF9C7</string>
					<string>F768C7EE10772D1A6AE02E2C</string>
					<string>60E40FC34E5714FD0FE4EE62</string>
					<string>4D417C50A1C963A150B69C0E</string>
					<string>B084B8C85AA0DE22E6210796</string>
					<string>E6F7AE33D73B16007F713ED4</string>
				</array>
				<key>isa</key>
				<string>PBXGroup</string>
				<key>name</key>
				<string>src</string>
				<key>sourceTree</key>
				<string>&lt;group&gt;</string>
			</dict>
			<key>8D2869234BA7562D78D731FF</key>
			<dict>
				<key>children</key>
				<array>
					<string>807146441E0D13714E9F4654</string>
				</array>
				<key>isa</key>
				<string>PBXGroup</string>
				<key>name</key>
				<string>imgui</string>
				<key>sourceTree</key>
				<string>&lt;group&gt;</string>
			</dict>
			<key>C618591A26FF62625326E2DD</key>
			<dict>
				<key>children</key>
				<array>
					<string>8D2869234BA7562D78D731FF</string>
				</array>
				<key>isa</key>
				<string>PBXGroup</string>
				<key>name</key>
				<string>libs</string>
				<key>sourceTree</key>
				<string>&lt;group&gt;</string>
			</dict>
			<key>2C415C82BFDA7A09DBC08479</key>
			<dict>
				<key>fileRef</key>
				<string>BA6CF6729E3BFA6E5354BB3D</string>
				<key>isa</key>
				<string>PBXBuildFile</string>
			</dict>
			<key>BA6CF6729E3BFA6E5354BB3D</key>
			<dict>
				<key>explicitFileType</key>
				<string>sourcecode.cpp.cpp</string>
				<key>fileEncoding</key>
				<string>30</string>
				<key>isa</key>
				<string>PBXFileReference</string>
				<key>name</key>
				<string>imgui.cpp</string>
				<key>path</key>
				<string>../../addons/ofxImGui/libs/imgui/src/imgui.cpp</string>
				<key>sourceTree</key>
				<string>SOURCE_ROOT</string>
			</dict>
			<key>463EEB2D7F2C446CAB0C00DF</key>
			<dict>
				<key>explicitFileType</key>
				<string>sourcecode.c.h</string>
				<key>fileEncoding</key>
				<string>30</string>
				<key>isa</key>
				<string>PBXFileReference</string>
				<key>name</key>
				<string>ThemeTest.h</string>
				<key>path</key>
				<string>../../addons/ofxImGui/src/ThemeTest.h</string>
				<key>sourceTree</key>
				<string>SOURCE_ROOT</string>
			</dict>
			<key>EAE156B7FE1598DED4505E42</key>
			<dict>
				<key>explicitFileType</key>
				<string>sourcecode.c.h</string>
				<key>fileEncoding</key>
				<string>30</string>
				<key>isa</key>
				<string>PBXFileReference</string>
				<key>name</key>
				<string>ofxImGui.h</string>
				<key>path</key>
				<string>../../addons/ofxImGui/src/ofxImGui.h</string>
				<key>sourceTree</key>
				<string>SOURCE_ROOT</string>
			</dict>
			<key>9DC1ED16CF964E5831619872</key>
			<dict>
				<key>fileRef</key>
				<string>6FC3E19B0232BFB26EE64165</string>
				<key>isa</key>
				<string>PBXBuildFile</string>
			</dict>
			<key>6FC3E19B0232BFB26EE64165</key>
			<dict>
				<key>explicitFileType</key>
				<string>sourcecode.cpp.cpp</string>
				<key>fileEncoding</key>
				<string>30</string>
				<key>isa</key>
				<string>PBXFileReference</string>
				<key>name</key>
				<string>ofxImGui.cpp</string>
				<key>path</key>
				<string>../../addons/ofxImGui/src/ofxImGui.cpp</string>
				<key>sourceTree</key>
				<string>SOURCE_ROOT</string>
			</dict>
			<key>23DC12EA10AD46B85969F89C</key>
			<dict>
				<key>explicitFileType</key>
				<string>sourcecode.c.h</string>
				<key>fileEncoding</key>
				<string>30</string>
				<key>isa</key>
				<string>PBXFileReference</string>
				<key>name</key>
				<string>imconfig.h</string>
				<key>path</key>
				<string>../../addons/ofxImGui/src/imconfig.h</string>
				<key>sourceTree</key>
				<string>SOURCE_ROOT</string>
			</dict>
			<key>B82AF85CFC9F2B9E16BA66D1</key>
			<dict>
				<key>explicitFileType</key>
				<string>sourcecode.c.h</string>
				<key>fileEncoding</key>
				<string>30</string>
				<key>isa</key>
				<string>PBXFileReference</string>
				<key>name</key>
				<string>EngineOpenGLES.h</string>
				<key>path</key>
				<string>../../addons/ofxImGui/src/EngineOpenGLES.h</string>
				<key>sourceTree</key>
				<string>SOURCE_ROOT</string>
			</dict>
			<key>3A218F305615FD3444748F89</key>
			<dict>
				<key>fileRef</key>
				<string>FB7B691BE8C2E78C1F43D5BC</string>
				<key>isa</key>
				<string>PBXBuildFile</string>
			</dict>
			<key>FB7B691BE8C2E78C1F43D5BC</key>
			<dict>
				<key>explicitFileType</key>
				<string>sourcecode.cpp.cpp</string>
				<key>fileEncoding</key>
				<string>30</string>
				<key>isa</key>
				<string>PBXFileReference</string>
				<key>name</key>
				<string>EngineOpenGLES.cpp</string>
				<key>path</key>
				<string>../../addons/ofxImGui/src/EngineOpenGLES.cpp</string>
				<key>sourceTree</key>
				<string>SOURCE_ROOT</string>
			</dict>
			<key>CB575E3DE2ABFF6487996464</key>
			<dict>
				<key>explicitFileType</key>
				<string>sourcecode.c.h</string>
				<key>fileEncoding</key>
				<string>30</string>
				<key>isa</key>
				<string>PBXFileReference</string>
				<key>name</key>
				<string>EngineGLFW.h</string>
				<key>path</key>
				<string>../../addons/ofxImGui/src/EngineGLFW.h</string>
				<key>sourceTree</key>
				<string>SOURCE_ROOT</string>
			</dict>
			<key>5EE106109ED4296F2BC9F486</key>
			<dict>
				<key>fileRef</key>
				<string>C748F268167DCEC94C37E157</string>
				<key>isa</key>
				<string>PBXBuildFile</string>
			</dict>
			<key>C748F268167DCEC94C37E157</key>
			<dict>
				<key>explicitFileType</key>
				<string>sourcecode.cpp.cpp</string>
				<key>fileEncoding</key>
				<string>30</string>
				<key>isa</key>
				<string>PBXFileReference</string>
				<key>name</key>
				<string>EngineGLFW.cpp</string>
				<key>path</key>
				<string>../../addons/ofxImGui/src/EngineGLFW.cpp</string>
				<key>sourceTree</key>
				<string>SOURCE_ROOT</string>
			</dict>
			<key>EC6EB2815CC795E6D5DFF471</key>
			<dict>
				<key>explicitFileType</key>
				<string>sourcecode.c.h</string>
				<key>fileEncoding</key>
				<string>30</string>
				<key>isa</key>
				<string>PBXFileReference</string>
				<key>name</key>
				<string>BaseTheme.h</string>
				<key>path</key>
				<string>../../addons/ofxImGui/src/BaseTheme.h</string>
				<key>sourceTree</key>
				<string>SOURCE_ROOT</string>
			</dict>
			<key>16DA7893AA87978367B3FE42</key>
			<dict>
				<key>fileRef</key>
				<string>899FAD78131E4901BCBA301B</string>
				<key>isa</key>
				<string>PBXBuildFile</string>
			</dict>
			<key>899FAD78131E4901BCBA301B</key>
			<dict>
				<key>explicitFileType</key>
				<string>sourcecode.cpp.cpp</string>
				<key>fileEncoding</key>
				<string>30</string>
				<key>isa</key>
				<string>PBXFileReference</string>
				<key>name</key>
				<string>BaseTheme.cpp</string>
				<key>path</key>
				<string>../../addons/ofxImGui/src/BaseTheme.cpp</string>
				<key>sourceTree</key>
				<string>SOURCE_ROOT</string>
			</dict>
			<key>B86CA45D4704F1AA09467703</key>
			<dict>
				<key>explicitFileType</key>
				<string>sourcecode.c.h</string>
				<key>fileEncoding</key>
				<string>30</string>
				<key>isa</key>
				<string>PBXFileReference</string>
				<key>name</key>
				<string>BaseEngine.h</string>
				<key>path</key>
				<string>../../addons/ofxImGui/src/BaseEngine.h</string>
				<key>sourceTree</key>
				<string>SOURCE_ROOT</string>
			</dict>
			<key>6FF8AA08E79CFA38503CDB0E</key>
			<dict>
				<key>children</key>
				<array>
					<string>0036AD77D503F4330B068775</string>
					<string>B86CA45D4704F1AA09467703</string>
					<string>899FAD78131E4901BCBA301B</string>
					<string>EC6EB2815CC795E6D5DFF471</string>
					<string>C748F268167DCEC94C37E157</string>
					<string>CB575E3DE2ABFF6487996464</string>
					<string>FB7B691BE8C2E78C1F43D5BC</string>
					<string>B82AF85CFC9F2B9E16BA66D1</string>
					<string>23DC12EA10AD46B85969F89C</string>
					<string>6FC3E19B0232BFB26EE64165</string>
					<string>EAE156B7FE1598DED4505E42</string>
					<string>463EEB2D7F2C446CAB0C00DF</string>
				</array>
				<key>isa</key>
				<string>PBXGroup</string>
				<key>name</key>
				<string>src</string>
				<key>sourceTree</key>
				<string>&lt;group&gt;</string>
			</dict>
			<key>768C3255AF2F3E1A78DC4DF4</key>
			<dict>
				<key>children</key>
				<array>
					<string>6FF8AA08E79CFA38503CDB0E</string>
					<string>C618591A26FF62625326E2DD</string>
				</array>
				<key>isa</key>
				<string>PBXGroup</string>
				<key>name</key>
				<string>ofxImGui</string>
				<key>sourceTree</key>
				<string>&lt;group&gt;</string>
			</dict>
			<key>94C3A35816CF6A0DE0CD3082</key>
			<dict>
				<key>fileRef</key>
				<string>0036AD77D503F4330B068775</string>
				<key>isa</key>
				<string>PBXBuildFile</string>
			</dict>
			<key>0036AD77D503F4330B068775</key>
			<dict>
				<key>explicitFileType</key>
				<string>sourcecode.cpp.cpp</string>
				<key>fileEncoding</key>
				<string>30</string>
				<key>isa</key>
				<string>PBXFileReference</string>
				<key>name</key>
				<string>BaseEngine.cpp</string>
				<key>path</key>
				<string>../../addons/ofxImGui/src/BaseEngine.cpp</string>
				<key>sourceTree</key>
				<string>SOURCE_ROOT</string>
			</dict>
			<key>AF6C6110F0C12B3C45E9C5BE</key>
			<dict>
				<key>explicitFileType</key>
				<string>sourcecode.c.h</string>
				<key>fileEncoding</key>
				<string>30</string>
				<key>isa</key>
				<string>PBXFileReference</string>
				<key>name</key>
				<string>ofxAnimatableQueue.h</string>
				<key>path</key>
				<string>../../addons/ofxAnimatable/src/ofxAnimatableQueue.h</string>
				<key>sourceTree</key>
				<string>SOURCE_ROOT</string>
			</dict>
			<key>21C15CE8D8F05ED6AD1419B8</key>
			<dict>
				<key>fileRef</key>
				<string>016735458997CB76D034294E</string>
				<key>isa</key>
				<string>PBXBuildFile</string>
			</dict>
			<key>016735458997CB76D034294E</key>
			<dict>
				<key>explicitFileType</key>
				<string>sourcecode.cpp.cpp</string>
				<key>fileEncoding</key>
				<string>30</string>
				<key>isa</key>
				<string>PBXFileReference</string>
				<key>name</key>
				<string>ofxAnimatableQueue.cpp</string>
				<key>path</key>
				<string>../../addons/ofxAnimatable/src/ofxAnimatableQueue.cpp</string>
				<key>sourceTree</key>
				<string>SOURCE_ROOT</string>
			</dict>
			<key>B3BC6675546E0BECCB775E73</key>
			<dict>
				<key>explicitFileType</key>
				<string>sourcecode.c.h</string>
				<key>fileEncoding</key>
				<string>30</string>
				<key>isa</key>
				<string>PBXFileReference</string>
				<key>name</key>
				<string>ofxAnimatableOfPoint.h</string>
				<key>path</key>
				<string>../../addons/ofxAnimatable/src/ofxAnimatableOfPoint.h</string>
				<key>sourceTree</key>
				<string>SOURCE_ROOT</string>
			</dict>
			<key>571DDCA398E3FC1125284399</key>
			<dict>
				<key>fileRef</key>
				<string>8B56BAFFE6C67C7FC670F205</string>
				<key>isa</key>
				<string>PBXBuildFile</string>
			</dict>
			<key>8B56BAFFE6C67C7FC670F205</key>
			<dict>
				<key>explicitFileType</key>
				<string>sourcecode.cpp.cpp</string>
				<key>fileEncoding</key>
				<string>30</string>
				<key>isa</key>
				<string>PBXFileReference</string>
				<key>name</key>
				<string>ofxAnimatableOfPoint.cpp</string>
				<key>path</key>
				<string>../../addons/ofxAnimatable/src/ofxAnimatableOfPoint.cpp</string>
				<key>sourceTree</key>
				<string>SOURCE_ROOT</string>
			</dict>
			<key>6B392DF77ACAFB819D599BE6</key>
			<dict>
				<key>explicitFileType</key>
				<string>sourcecode.c.h</string>
				<key>fileEncoding</key>
				<string>30</string>
				<key>isa</key>
				<string>PBXFileReference</string>
				<key>name</key>
				<string>ofxAnimatableOfColor.h</string>
				<key>path</key>
				<string>../../addons/ofxAnimatable/src/ofxAnimatableOfColor.h</string>
				<key>sourceTree</key>
				<string>SOURCE_ROOT</string>
			</dict>
			<key>426603D3A6195FA20CC19F69</key>
			<dict>
				<key>fileRef</key>
				<string>7EDC07079905BBF555E5294B</string>
				<key>isa</key>
				<string>PBXBuildFile</string>
			</dict>
			<key>7EDC07079905BBF555E5294B</key>
			<dict>
				<key>explicitFileType</key>
				<string>sourcecode.cpp.cpp</string>
				<key>fileEncoding</key>
				<string>30</string>
				<key>isa</key>
				<string>PBXFileReference</string>
				<key>name</key>
				<string>ofxAnimatableOfColor.cpp</string>
				<key>path</key>
				<string>../../addons/ofxAnimatable/src/ofxAnimatableOfColor.cpp</string>
				<key>sourceTree</key>
				<string>SOURCE_ROOT</string>
			</dict>
			<key>E51DEAE12D8B77F012F9A210</key>
			<dict>
				<key>explicitFileType</key>
				<string>sourcecode.c.h</string>
				<key>fileEncoding</key>
				<string>30</string>
				<key>isa</key>
				<string>PBXFileReference</string>
				<key>name</key>
				<string>ofxAnimatableFloat.h</string>
				<key>path</key>
				<string>../../addons/ofxAnimatable/src/ofxAnimatableFloat.h</string>
				<key>sourceTree</key>
				<string>SOURCE_ROOT</string>
			</dict>
			<key>E432EC975AE8560884FFB363</key>
			<dict>
				<key>fileRef</key>
				<string>215F8EB441961E6DB5726BDC</string>
				<key>isa</key>
				<string>PBXBuildFile</string>
			</dict>
			<key>215F8EB441961E6DB5726BDC</key>
			<dict>
				<key>explicitFileType</key>
				<string>sourcecode.cpp.cpp</string>
				<key>fileEncoding</key>
				<string>30</string>
				<key>isa</key>
				<string>PBXFileReference</string>
				<key>name</key>
				<string>ofxAnimatableFloat.cpp</string>
				<key>path</key>
				<string>../../addons/ofxAnimatable/src/ofxAnimatableFloat.cpp</string>
				<key>sourceTree</key>
				<string>SOURCE_ROOT</string>
			</dict>
			<key>D8BC34F84EEF4250EA510DA1</key>
			<dict>
				<key>explicitFileType</key>
				<string>sourcecode.c.h</string>
				<key>fileEncoding</key>
				<string>30</string>
				<key>isa</key>
				<string>PBXFileReference</string>
				<key>name</key>
				<string>ofxAnimatable.h</string>
				<key>path</key>
				<string>../../addons/ofxAnimatable/src/ofxAnimatable.h</string>
				<key>sourceTree</key>
				<string>SOURCE_ROOT</string>
			</dict>
			<key>B8118C79E563998DA9D23B17</key>
			<dict>
				<key>children</key>
				<array>
					<string>63E0BECDEC3611B32121B0C8</string>
					<string>D8BC34F84EEF4250EA510DA1</string>
					<string>215F8EB441961E6DB5726BDC</string>
					<string>E51DEAE12D8B77F012F9A210</string>
					<string>7EDC07079905BBF555E5294B</string>
					<string>6B392DF77ACAFB819D599BE6</string>
					<string>8B56BAFFE6C67C7FC670F205</string>
					<string>B3BC6675546E0BECCB775E73</string>
					<string>016735458997CB76D034294E</string>
					<string>AF6C6110F0C12B3C45E9C5BE</string>
				</array>
				<key>isa</key>
				<string>PBXGroup</string>
				<key>name</key>
				<string>src</string>
				<key>sourceTree</key>
				<string>&lt;group&gt;</string>
			</dict>
			<key>8D83D7AC476703EBECC1932D</key>
			<dict>
				<key>children</key>
				<array>
					<string>B8118C79E563998DA9D23B17</string>
				</array>
				<key>isa</key>
				<string>PBXGroup</string>
				<key>name</key>
				<string>ofxAnimatable</string>
				<key>sourceTree</key>
				<string>&lt;group&gt;</string>
			</dict>
			<key>28508E0A54B8B8CAF6FC376D</key>
			<dict>
				<key>fileRef</key>
				<string>63E0BECDEC3611B32121B0C8</string>
				<key>isa</key>
				<string>PBXBuildFile</string>
			</dict>
			<key>63E0BECDEC3611B32121B0C8</key>
			<dict>
				<key>explicitFileType</key>
				<string>sourcecode.cpp.cpp</string>
				<key>fileEncoding</key>
				<string>30</string>
				<key>isa</key>
				<string>PBXFileReference</string>
				<key>name</key>
				<string>ofxAnimatable.cpp</string>
				<key>path</key>
				<string>../../addons/ofxAnimatable/src/ofxAnimatable.cpp</string>
				<key>sourceTree</key>
				<string>SOURCE_ROOT</string>
			</dict>
			<key>1369BAA229B26CA6C8F7718F</key>
			<dict>
				<key>explicitFileType</key>
				<string>sourcecode.c.h</string>
				<key>fileEncoding</key>
				<string>30</string>
				<key>isa</key>
				<string>PBXFileReference</string>
				<key>name</key>
				<string>timer.h</string>
				<key>path</key>
				<string>src/timeLimit/timer.h</string>
				<key>sourceTree</key>
				<string>SOURCE_ROOT</string>
			</dict>
			<key>D68656A7A93C5C693975989D</key>
			<dict>
				<key>children</key>
				<array>
					<string>F378D081F56988B2073BA24D</string>
					<string>1369BAA229B26CA6C8F7718F</string>
				</array>
				<key>isa</key>
				<string>PBXGroup</string>
				<key>name</key>
				<string>timeLimit</string>
				<key>sourceTree</key>
				<string>&lt;group&gt;</string>
			</dict>
			<key>7B3EF53EDA89A41ECDE9ADF4</key>
			<dict>
				<key>fileRef</key>
				<string>F378D081F56988B2073BA24D</string>
				<key>isa</key>
				<string>PBXBuildFile</string>
			</dict>
			<key>F378D081F56988B2073BA24D</key>
			<dict>
				<key>explicitFileType</key>
				<string>sourcecode.cpp.cpp</string>
				<key>fileEncoding</key>
				<string>30</string>
				<key>isa</key>
				<string>PBXFileReference</string>
				<key>name</key>
				<string>timer.cpp</string>
				<key>path</key>
				<string>src/timeLimit/timer.cpp</string>
				<key>sourceTree</key>
				<string>SOURCE_ROOT</string>
			</dict>
			<key>1C06B43C9713F89D9DCCE0B8</key>
			<dict>
				<key>explicitFileType</key>
				<string>sourcecode.c.h</string>
				<key>fileEncoding</key>
				<string>30</string>
				<key>isa</key>
				<string>PBXFileReference</string>
				<key>name</key>
				<string>stage.h</string>
				<key>path</key>
				<string>src/stage/stage.h</string>
				<key>sourceTree</key>
				<string>SOURCE_ROOT</string>
			</dict>
			<key>F1BE9D3DC08B65C5ECBBC3B4</key>
			<dict>
				<key>children</key>
				<array>
					<string>E53306577CA0DAF6D984A21C</string>
					<string>1C06B43C9713F89D9DCCE0B8</string>
				</array>
				<key>isa</key>
				<string>PBXGroup</string>
				<key>name</key>
				<string>stage</string>
				<key>sourceTree</key>
				<string>&lt;group&gt;</string>
			</dict>
			<key>E31735E23CD42F209E037825</key>
			<dict>
				<key>fileRef</key>
				<string>E53306577CA0DAF6D984A21C</string>
				<key>isa</key>
				<string>PBXBuildFile</string>
			</dict>
			<key>E53306577CA0DAF6D984A21C</key>
			<dict>
				<key>explicitFileType</key>
				<string>sourcecode.cpp.cpp</string>
				<key>fileEncoding</key>
				<string>30</string>
				<key>isa</key>
				<string>PBXFileReference</string>
				<key>name</key>
				<string>stage.cpp</string>
				<key>path</key>
				<string>src/stage/stage.cpp</string>
				<key>sourceTree</key>
				<string>SOURCE_ROOT</string>
			</dict>
			<key>D4433EBB54F58750C48DA45C</key>
			<dict>
				<key>explicitFileType</key>
				<string>sourcecode.c.h</string>
				<key>fileEncoding</key>
				<string>30</string>
				<key>isa</key>
				<string>PBXFileReference</string>
				<key>name</key>
				<string>seekBar.h</string>
				<key>path</key>
				<string>src/seekBar/seekBar.h</string>
				<key>sourceTree</key>
				<string>SOURCE_ROOT</string>
			</dict>
			<key>BECCA93B3A40501405122E02</key>
			<dict>
				<key>children</key>
				<array>
					<string>F444928D382B47D83037F76A</string>
					<string>D4433EBB54F58750C48DA45C</string>
				</array>
				<key>isa</key>
				<string>PBXGroup</string>
				<key>name</key>
				<string>seekBar</string>
				<key>sourceTree</key>
				<string>&lt;group&gt;</string>
			</dict>
			<key>D6C47F1B4054713758153C6B</key>
			<dict>
				<key>fileRef</key>
				<string>F444928D382B47D83037F76A</string>
				<key>isa</key>
				<string>PBXBuildFile</string>
			</dict>
			<key>F444928D382B47D83037F76A</key>
			<dict>
				<key>explicitFileType</key>
				<string>sourcecode.cpp.cpp</string>
				<key>fileEncoding</key>
				<string>30</string>
				<key>isa</key>
				<string>PBXFileReference</string>
				<key>name</key>
				<string>seekBar.cpp</string>
				<key>path</key>
				<string>src/seekBar/seekBar.cpp</string>
				<key>sourceTree</key>
				<string>SOURCE_ROOT</string>
			</dict>
			<key>665BCF1F725C14DC1F84B16A</key>
			<dict>
				<key>explicitFileType</key>
				<string>sourcecode.c.h</string>
				<key>fileEncoding</key>
				<string>30</string>
				<key>isa</key>
				<string>PBXFileReference</string>
				<key>name</key>
				<string>sceneYanai.h</string>
				<key>path</key>
				<string>src/scene/yanai/sceneYanai.h</string>
				<key>sourceTree</key>
				<string>SOURCE_ROOT</string>
			</dict>
			<key>C0E90AC34D899514EECE6B76</key>
			<dict>
				<key>children</key>
				<array>
					<string>67DCD7377EFDD54782387877</string>
					<string>665BCF1F725C14DC1F84B16A</string>
				</array>
				<key>isa</key>
				<string>PBXGroup</string>
				<key>name</key>
				<string>yanai</string>
				<key>sourceTree</key>
				<string>&lt;group&gt;</string>
			</dict>
			<key>0761CBD2768CAF9B185E9974</key>
			<dict>
				<key>fileRef</key>
				<string>67DCD7377EFDD54782387877</string>
				<key>isa</key>
				<string>PBXBuildFile</string>
			</dict>
			<key>67DCD7377EFDD54782387877</key>
			<dict>
				<key>explicitFileType</key>
				<string>sourcecode.cpp.cpp</string>
				<key>fileEncoding</key>
				<string>30</string>
				<key>isa</key>
				<string>PBXFileReference</string>
				<key>name</key>
				<string>sceneYanai.cpp</string>
				<key>path</key>
				<string>src/scene/yanai/sceneYanai.cpp</string>
				<key>sourceTree</key>
				<string>SOURCE_ROOT</string>
			</dict>
			<key>62D60DE7F68C98899597E6EB</key>
			<dict>
				<key>explicitFileType</key>
				<string>sourcecode.c.h</string>
				<key>fileEncoding</key>
				<string>30</string>
				<key>isa</key>
				<string>PBXFileReference</string>
				<key>name</key>
				<string>sceneWem.h</string>
				<key>path</key>
				<string>src/scene/wem/sceneWem.h</string>
				<key>sourceTree</key>
				<string>SOURCE_ROOT</string>
			</dict>
			<key>95EC926713BF714F79CC6182</key>
			<dict>
				<key>children</key>
				<array>
					<string>9D3E08538F818ABB65274E34</string>
					<string>62D60DE7F68C98899597E6EB</string>
				</array>
				<key>isa</key>
				<string>PBXGroup</string>
				<key>name</key>
				<string>wem</string>
				<key>sourceTree</key>
				<string>&lt;group&gt;</string>
			</dict>
			<key>8D3AD95A6D40DBACCC3D22E8</key>
			<dict>
				<key>fileRef</key>
				<string>9D3E08538F818ABB65274E34</string>
				<key>isa</key>
				<string>PBXBuildFile</string>
			</dict>
			<key>9D3E08538F818ABB65274E34</key>
			<dict>
				<key>explicitFileType</key>
				<string>sourcecode.cpp.cpp</string>
				<key>fileEncoding</key>
				<string>30</string>
				<key>isa</key>
				<string>PBXFileReference</string>
				<key>name</key>
				<string>sceneWem.cpp</string>
				<key>path</key>
				<string>src/scene/wem/sceneWem.cpp</string>
				<key>sourceTree</key>
				<string>SOURCE_ROOT</string>
			</dict>
			<key>6DA669B073800D767C4546D2</key>
			<dict>
				<key>explicitFileType</key>
				<string>sourcecode.c.h</string>
				<key>fileEncoding</key>
				<string>30</string>
				<key>isa</key>
				<string>PBXFileReference</string>
				<key>name</key>
				<string>scene.h</string>
				<key>path</key>
				<string>src/scene/scene.h</string>
				<key>sourceTree</key>
				<string>SOURCE_ROOT</string>
			</dict>
			<key>6F86251AE9B18143E4184B8A</key>
			<dict>
				<key>explicitFileType</key>
				<string>sourcecode.c.h</string>
				<key>fileEncoding</key>
				<string>30</string>
				<key>isa</key>
				<string>PBXFileReference</string>
				<key>name</key>
				<string>sceneP.h</string>
				<key>path</key>
				<string>src/scene/p/sceneP.h</string>
				<key>sourceTree</key>
				<string>SOURCE_ROOT</string>
			</dict>
			<key>729075D399A412AB97BE63F6</key>
			<dict>
				<key>children</key>
				<array>
					<string>251A60F7A148C0B16DDEE41F</string>
					<string>6F86251AE9B18143E4184B8A</string>
				</array>
				<key>isa</key>
				<string>PBXGroup</string>
				<key>name</key>
				<string>p</string>
				<key>sourceTree</key>
				<string>&lt;group&gt;</string>
			</dict>
			<key>E98145EF0FDF3964C6455699</key>
			<dict>
				<key>fileRef</key>
				<string>251A60F7A148C0B16DDEE41F</string>
				<key>isa</key>
				<string>PBXBuildFile</string>
			</dict>
			<key>251A60F7A148C0B16DDEE41F</key>
			<dict>
				<key>explicitFileType</key>
				<string>sourcecode.cpp.cpp</string>
				<key>fileEncoding</key>
				<string>30</string>
				<key>isa</key>
				<string>PBXFileReference</string>
				<key>name</key>
				<string>sceneP.cpp</string>
				<key>path</key>
				<string>src/scene/p/sceneP.cpp</string>
				<key>sourceTree</key>
				<string>SOURCE_ROOT</string>
			</dict>
			<key>98B3774429636F0F36011537</key>
			<dict>
				<key>explicitFileType</key>
				<string>sourcecode.c.h</string>
				<key>fileEncoding</key>
				<string>30</string>
				<key>isa</key>
				<string>PBXFileReference</string>
				<key>name</key>
				<string>gameTitle.h</string>
				<key>path</key>
				<string>src/scene/gameTitle.h</string>
				<key>sourceTree</key>
				<string>SOURCE_ROOT</string>
			</dict>
			<key>E7C0D5EF1488D1409AAA35FD</key>
			<dict>
				<key>fileRef</key>
				<string>8A8D88DE09C4F08229BD984F</string>
				<key>isa</key>
				<string>PBXBuildFile</string>
			</dict>
			<key>8A8D88DE09C4F08229BD984F</key>
			<dict>
				<key>explicitFileType</key>
				<string>sourcecode.cpp.cpp</string>
				<key>fileEncoding</key>
				<string>30</string>
				<key>isa</key>
				<string>PBXFileReference</string>
				<key>name</key>
				<string>gameTitle.cpp</string>
				<key>path</key>
				<string>src/scene/gameTitle.cpp</string>
				<key>sourceTree</key>
				<string>SOURCE_ROOT</string>
			</dict>
			<key>17BF8878CC8DCDC9407D86F8</key>
			<dict>
				<key>explicitFileType</key>
				<string>sourcecode.c.h</string>
				<key>fileEncoding</key>
				<string>30</string>
				<key>isa</key>
				<string>PBXFileReference</string>
				<key>name</key>
				<string>gameMain.h</string>
				<key>path</key>
				<string>src/scene/gameMain.h</string>
				<key>sourceTree</key>
				<string>SOURCE_ROOT</string>
			</dict>
			<key>38210A9855D9757B736E753B</key>
			<dict>
				<key>children</key>
				<array>
					<string>8C1A283F6DC3679756C77102</string>
					<string>17BF8878CC8DCDC9407D86F8</string>
					<string>8A8D88DE09C4F08229BD984F</string>
					<string>98B3774429636F0F36011537</string>
					<string>729075D399A412AB97BE63F6</string>
					<string>6DA669B073800D767C4546D2</string>
					<string>95EC926713BF714F79CC6182</string>
					<string>C0E90AC34D899514EECE6B76</string>
				</array>
				<key>isa</key>
				<string>PBXGroup</string>
				<key>name</key>
				<string>scene</string>
				<key>sourceTree</key>
				<string>&lt;group&gt;</string>
			</dict>
			<key>E2A78E212B5A2DEE8DEFCDA2</key>
			<dict>
				<key>fileRef</key>
				<string>8C1A283F6DC3679756C77102</string>
				<key>isa</key>
				<string>PBXBuildFile</string>
			</dict>
			<key>8C1A283F6DC3679756C77102</key>
			<dict>
				<key>explicitFileType</key>
				<string>sourcecode.cpp.cpp</string>
				<key>fileEncoding</key>
				<string>30</string>
				<key>isa</key>
				<string>PBXFileReference</string>
				<key>name</key>
				<string>gameMain.cpp</string>
				<key>path</key>
				<string>src/scene/gameMain.cpp</string>
				<key>sourceTree</key>
				<string>SOURCE_ROOT</string>
			</dict>
			<key>672CE4D3A75ECB3C1946900D</key>
			<dict>
				<key>fileRef</key>
				<string>8A9376F3AAD216026CA5CC1A</string>
				<key>isa</key>
				<string>PBXBuildFile</string>
			</dict>
			<key>8A9376F3AAD216026CA5CC1A</key>
			<dict>
				<key>explicitFileType</key>
				<string>sourcecode.cpp.cpp</string>
				<key>fileEncoding</key>
				<string>30</string>
				<key>isa</key>
				<string>PBXFileReference</string>
				<key>name</key>
				<string>standingState.cpp</string>
				<key>path</key>
				<string>src/player/standingState.cpp</string>
				<key>sourceTree</key>
				<string>SOURCE_ROOT</string>
			</dict>
			<key>BB95707AED850DEA6B7CF648</key>
			<dict>
				<key>explicitFileType</key>
				<string>sourcecode.c.h</string>
				<key>fileEncoding</key>
				<string>30</string>
				<key>isa</key>
				<string>PBXFileReference</string>
				<key>name</key>
				<string>playerState.h</string>
				<key>path</key>
				<string>src/player/playerState.h</string>
				<key>sourceTree</key>
				<string>SOURCE_ROOT</string>
			</dict>
			<key>97969231CD7181B9A382EF4C</key>
			<dict>
				<key>fileRef</key>
				<string>494522029B931251EFA89955</string>
				<key>isa</key>
				<string>PBXBuildFile</string>
			</dict>
			<key>494522029B931251EFA89955</key>
			<dict>
				<key>explicitFileType</key>
				<string>sourcecode.cpp.cpp</string>
				<key>fileEncoding</key>
				<string>30</string>
				<key>isa</key>
				<string>PBXFileReference</string>
				<key>name</key>
				<string>playerState.cpp</string>
				<key>path</key>
				<string>src/player/playerState.cpp</string>
				<key>sourceTree</key>
				<string>SOURCE_ROOT</string>
			</dict>
			<key>6C4874E6FEA13B6BEF087C5E</key>
			<dict>
				<key>explicitFileType</key>
				<string>sourcecode.c.h</string>
				<key>fileEncoding</key>
				<string>30</string>
				<key>isa</key>
				<string>PBXFileReference</string>
				<key>name</key>
				<string>player.h</string>
				<key>path</key>
				<string>src/player/player.h</string>
				<key>sourceTree</key>
				<string>SOURCE_ROOT</string>
			</dict>
			<key>17813EAD687F63E4597319D7</key>
			<dict>
				<key>fileRef</key>
				<string>4F38AEA41F437B19FC276B96</string>
				<key>isa</key>
				<string>PBXBuildFile</string>
			</dict>
			<key>4F38AEA41F437B19FC276B96</key>
			<dict>
				<key>explicitFileType</key>
				<string>sourcecode.cpp.cpp</string>
				<key>fileEncoding</key>
				<string>30</string>
				<key>isa</key>
				<string>PBXFileReference</string>
				<key>name</key>
				<string>player.cpp</string>
				<key>path</key>
				<string>src/player/player.cpp</string>
				<key>sourceTree</key>
				<string>SOURCE_ROOT</string>
			</dict>
			<key>EAE415BD3596A274F9E1777B</key>
			<dict>
				<key>fileRef</key>
				<string>0D32D5D82265EC95AB696609</string>
				<key>isa</key>
				<string>PBXBuildFile</string>
			</dict>
			<key>0D32D5D82265EC95AB696609</key>
			<dict>
				<key>explicitFileType</key>
				<string>sourcecode.cpp.cpp</string>
				<key>fileEncoding</key>
				<string>30</string>
				<key>isa</key>
				<string>PBXFileReference</string>
				<key>name</key>
				<string>passiveState.cpp</string>
				<key>path</key>
				<string>src/player/passiveState.cpp</string>
				<key>sourceTree</key>
				<string>SOURCE_ROOT</string>
			</dict>
			<key>592AED75AFCD8B9B1D02F2DE</key>
			<dict>
				<key>fileRef</key>
				<string>9303EA8FB233B5BAA7B15A9B</string>
				<key>isa</key>
				<string>PBXBuildFile</string>
			</dict>
			<key>9303EA8FB233B5BAA7B15A9B</key>
			<dict>
				<key>explicitFileType</key>
				<string>sourcecode.cpp.cpp</string>
				<key>fileEncoding</key>
				<string>30</string>
				<key>isa</key>
				<string>PBXFileReference</string>
				<key>name</key>
				<string>movingState.cpp</string>
				<key>path</key>
				<string>src/player/movingState.cpp</string>
				<key>sourceTree</key>
				<string>SOURCE_ROOT</string>
			</dict>
			<key>3425DC8B7E8E3D2136DD778A</key>
			<dict>
				<key>fileRef</key>
				<string>C58238E6DC35770E7E64D03E</string>
				<key>isa</key>
				<string>PBXBuildFile</string>
			</dict>
			<key>C58238E6DC35770E7E64D03E</key>
			<dict>
				<key>explicitFileType</key>
				<string>sourcecode.cpp.cpp</string>
				<key>fileEncoding</key>
				<string>30</string>
				<key>isa</key>
				<string>PBXFileReference</string>
				<key>name</key>
				<string>movingAttackState.cpp</string>
				<key>path</key>
				<string>src/player/movingAttackState.cpp</string>
				<key>sourceTree</key>
				<string>SOURCE_ROOT</string>
			</dict>
			<key>69EE3FF00AD004DF261D1756</key>
			<dict>
				<key>fileRef</key>
				<string>090FBD7D69B43092627E4A1E</string>
				<key>isa</key>
				<string>PBXBuildFile</string>
			</dict>
			<key>090FBD7D69B43092627E4A1E</key>
			<dict>
				<key>explicitFileType</key>
				<string>sourcecode.cpp.cpp</string>
				<key>fileEncoding</key>
				<string>30</string>
				<key>isa</key>
				<string>PBXFileReference</string>
				<key>name</key>
				<string>jumpingState.cpp</string>
				<key>path</key>
				<string>src/player/jumpingState.cpp</string>
				<key>sourceTree</key>
				<string>SOURCE_ROOT</string>
			</dict>
			<key>6101F3E7331EEB0FF9F1E0C2</key>
			<dict>
				<key>fileRef</key>
				<string>C9D4D1D2C3E728571A7BBF45</string>
				<key>isa</key>
				<string>PBXBuildFile</string>
			</dict>
			<key>C9D4D1D2C3E728571A7BBF45</key>
			<dict>
				<key>explicitFileType</key>
				<string>sourcecode.cpp.cpp</string>
				<key>fileEncoding</key>
				<string>30</string>
				<key>isa</key>
				<string>PBXFileReference</string>
				<key>name</key>
				<string>jumpingAttackState.cpp</string>
				<key>path</key>
				<string>src/player/jumpingAttackState.cpp</string>
				<key>sourceTree</key>
				<string>SOURCE_ROOT</string>
			</dict>
			<key>B0A7F12708E37F20F6EAD4FF</key>
			<dict>
				<key>children</key>
				<array>
					<string>04E8AFC1BF7A382DE58D9C0C</string>
					<string>C9D4D1D2C3E728571A7BBF45</string>
					<string>090FBD7D69B43092627E4A1E</string>
					<string>C58238E6DC35770E7E64D03E</string>
					<string>9303EA8FB233B5BAA7B15A9B</string>
					<string>0D32D5D82265EC95AB696609</string>
					<string>4F38AEA41F437B19FC276B96</string>
					<string>6C4874E6FEA13B6BEF087C5E</string>
					<string>494522029B931251EFA89955</string>
					<string>BB95707AED850DEA6B7CF648</string>
					<string>8A9376F3AAD216026CA5CC1A</string>
				</array>
				<key>isa</key>
				<string>PBXGroup</string>
				<key>name</key>
				<string>player</string>
				<key>sourceTree</key>
				<string>&lt;group&gt;</string>
			</dict>
			<key>EBD17FC04E6CC2822823A87A</key>
			<dict>
				<key>fileRef</key>
				<string>04E8AFC1BF7A382DE58D9C0C</string>
				<key>isa</key>
				<string>PBXBuildFile</string>
			</dict>
			<key>04E8AFC1BF7A382DE58D9C0C</key>
			<dict>
				<key>explicitFileType</key>
				<string>sourcecode.cpp.cpp</string>
				<key>fileEncoding</key>
				<string>30</string>
				<key>isa</key>
				<string>PBXFileReference</string>
				<key>name</key>
				<string>attackingState.cpp</string>
				<key>path</key>
				<string>src/player/attackingState.cpp</string>
				<key>sourceTree</key>
				<string>SOURCE_ROOT</string>
			</dict>
			<key>6ACEF39BDCA8103FBCCCD053</key>
			<dict>
				<key>explicitFileType</key>
				<string>sourcecode.c.h</string>
				<key>fileEncoding</key>
				<string>30</string>
				<key>isa</key>
				<string>PBXFileReference</string>
				<key>name</key>
				<string>navigationBar.h</string>
				<key>path</key>
				<string>src/navigationBar/navigationBar.h</string>
				<key>sourceTree</key>
				<string>SOURCE_ROOT</string>
			</dict>
			<key>A1228BAE968F1E1947403E51</key>
			<dict>
				<key>children</key>
				<array>
					<string>0F41D00E9C1DE965FC36ECAB</string>
					<string>6ACEF39BDCA8103FBCCCD053</string>
				</array>
				<key>isa</key>
				<string>PBXGroup</string>
				<key>name</key>
				<string>navigationBar</string>
				<key>sourceTree</key>
				<string>&lt;group&gt;</string>
			</dict>
			<key>407A5CDA465EFDD1787AF511</key>
			<dict>
				<key>fileRef</key>
				<string>0F41D00E9C1DE965FC36ECAB</string>
				<key>isa</key>
				<string>PBXBuildFile</string>
			</dict>
			<key>0F41D00E9C1DE965FC36ECAB</key>
			<dict>
				<key>explicitFileType</key>
				<string>sourcecode.cpp.cpp</string>
				<key>fileEncoding</key>
				<string>30</string>
				<key>isa</key>
				<string>PBXFileReference</string>
				<key>name</key>
				<string>navigationBar.cpp</string>
				<key>path</key>
				<string>src/navigationBar/navigationBar.cpp</string>
				<key>sourceTree</key>
				<string>SOURCE_ROOT</string>
			</dict>
			<key>FF801D15CC70F7D6C8714010</key>
			<dict>
				<key>explicitFileType</key>
				<string>sourcecode.c.h</string>
				<key>fileEncoding</key>
				<string>30</string>
				<key>isa</key>
				<string>PBXFileReference</string>
				<key>name</key>
				<string>input.h</string>
				<key>path</key>
				<string>src/input.h</string>
				<key>sourceTree</key>
				<string>SOURCE_ROOT</string>
			</dict>
			<key>BF4934AC9A8DAF70C1AB410D</key>
			<dict>
				<key>fileRef</key>
				<string>E15C832BB3890D55A12FC5AD</string>
				<key>isa</key>
				<string>PBXBuildFile</string>
			</dict>
			<key>E15C832BB3890D55A12FC5AD</key>
			<dict>
				<key>explicitFileType</key>
				<string>sourcecode.cpp.cpp</string>
				<key>fileEncoding</key>
				<string>30</string>
				<key>isa</key>
				<string>PBXFileReference</string>
				<key>name</key>
				<string>input.cpp</string>
				<key>path</key>
				<string>src/input.cpp</string>
				<key>sourceTree</key>
				<string>SOURCE_ROOT</string>
			</dict>
			<key>ECD299D3818860C805C64777</key>
			<dict>
				<key>explicitFileType</key>
				<string>sourcecode.c.h</string>
				<key>fileEncoding</key>
				<string>30</string>
				<key>isa</key>
				<string>PBXFileReference</string>
				<key>name</key>
				<string>healthBar.h</string>
				<key>path</key>
				<string>src/healthBar/healthBar.h</string>
				<key>sourceTree</key>
				<string>SOURCE_ROOT</string>
			</dict>
			<key>3827A3E250153DBA091DF477</key>
			<dict>
				<key>children</key>
				<array>
					<string>B9DCA335E8E16FB12A12638A</string>
					<string>ECD299D3818860C805C64777</string>
				</array>
				<key>isa</key>
				<string>PBXGroup</string>
				<key>name</key>
				<string>healthBar</string>
				<key>sourceTree</key>
				<string>&lt;group&gt;</string>
			</dict>
			<key>489CCB3D95883DF854A4E223</key>
			<dict>
				<key>fileRef</key>
				<string>B9DCA335E8E16FB12A12638A</string>
				<key>isa</key>
				<string>PBXBuildFile</string>
			</dict>
			<key>B9DCA335E8E16FB12A12638A</key>
			<dict>
				<key>explicitFileType</key>
				<string>sourcecode.cpp.cpp</string>
				<key>fileEncoding</key>
				<string>30</string>
				<key>isa</key>
				<string>PBXFileReference</string>
				<key>name</key>
				<string>healthBar.cpp</string>
				<key>path</key>
				<string>src/healthBar/healthBar.cpp</string>
				<key>sourceTree</key>
				<string>SOURCE_ROOT</string>
			</dict>
			<key>6948EE371B920CB800B5AC1A</key>
			<dict>
				<key>children</key>
				<array />
				<key>isa</key>
				<string>PBXGroup</string>
				<key>name</key>
				<string>local_addons</string>
				<key>sourceTree</key>
				<string>&lt;group&gt;</string>
			</dict>
			<key>BB4B014C10F69532006C3DED</key>
			<dict>
				<key>children</key>
				<array>
					<string>8D83D7AC476703EBECC1932D</string>
					<string>768C3255AF2F3E1A78DC4DF4</string>
					<string>2865DAEF86B1907A704CA70B</string>
					<string>D4D526B8AA821D27863CC3A1</string>
					<string>8D82EBF7DBCF242EC80B1CFF</string>
					<string>9DC3A602A27156C0D5D85AF7</string>
					<string>1F4FB5C423662B96ADFDCC0B</string>
				</array>
				<key>isa</key>
				<string>PBXGroup</string>
				<key>name</key>
				<string>addons</string>
				<key>sourceTree</key>
				<string>&lt;group&gt;</string>
			</dict>
			<key>E4328143138ABC890047C5CB</key>
			<dict>
				<key>isa</key>
				<string>PBXFileReference</string>
				<key>lastKnownFileType</key>
				<string>wrapper.pb-project</string>
				<key>name</key>
				<string>openFrameworksLib.xcodeproj</string>
				<key>path</key>
				<string>../../libs/openFrameworksCompiled/project/osx/openFrameworksLib.xcodeproj</string>
				<key>sourceTree</key>
				<string>SOURCE_ROOT</string>
			</dict>
			<key>E4328144138ABC890047C5CB</key>
			<dict>
				<key>children</key>
				<array>
					<string>E4328148138ABC890047C5CB</string>
				</array>
				<key>isa</key>
				<string>PBXGroup</string>
				<key>name</key>
				<string>Products</string>
				<key>sourceTree</key>
				<string>&lt;group&gt;</string>
			</dict>
			<key>E4328147138ABC890047C5CB</key>
			<dict>
				<key>containerPortal</key>
				<string>E4328143138ABC890047C5CB</string>
				<key>isa</key>
				<string>PBXContainerItemProxy</string>
				<key>proxyType</key>
				<string>2</string>
				<key>remoteGlobalIDString</key>
				<string>E4B27C1510CBEB8E00536013</string>
				<key>remoteInfo</key>
				<string>openFrameworks</string>
			</dict>
			<key>E4328148138ABC890047C5CB</key>
			<dict>
				<key>fileType</key>
				<string>archive.ar</string>
				<key>isa</key>
				<string>PBXReferenceProxy</string>
				<key>path</key>
				<string>openFrameworksDebug.a</string>
				<key>remoteRef</key>
				<string>E4328147138ABC890047C5CB</string>
				<key>sourceTree</key>
				<string>BUILT_PRODUCTS_DIR</string>
			</dict>
			<key>E4328149138ABC9F0047C5CB</key>
			<dict>
				<key>fileRef</key>
				<string>E4328148138ABC890047C5CB</string>
				<key>isa</key>
				<string>PBXBuildFile</string>
			</dict>
			<key>E4B69B4A0A3A1720003C02F2</key>
			<dict>
				<key>children</key>
				<array>
					<string>E4B6FCAD0C3E899E008CF71C</string>
					<string>E4EB6923138AFD0F00A09F29</string>
					<string>E4B69E1C0A3A1BDC003C02F2</string>
					<string>E4EEC9E9138DF44700A80321</string>
					<string>BB4B014C10F69532006C3DED</string>
					<string>6948EE371B920CB800B5AC1A</string>
					<string>E4B69B5B0A3A1756003C02F2</string>
				</array>
				<key>isa</key>
				<string>PBXGroup</string>
				<key>sourceTree</key>
				<string>&lt;group&gt;</string>
			</dict>
			<key>E4B69B4C0A3A1720003C02F2</key>
			<dict>
				<key>attributes</key>
				<dict>
					<key>LastUpgradeCheck</key>
					<string>0600</string>
				</dict>
				<key>buildConfigurationList</key>
				<string>E4B69B4D0A3A1720003C02F2</string>
				<key>compatibilityVersion</key>
				<string>Xcode 3.2</string>
				<key>developmentRegion</key>
				<string>English</string>
				<key>hasScannedForEncodings</key>
				<string>0</string>
				<key>isa</key>
				<string>PBXProject</string>
				<key>knownRegions</key>
				<array>
					<string>English</string>
					<string>Japanese</string>
					<string>French</string>
					<string>German</string>
				</array>
				<key>mainGroup</key>
				<string>E4B69B4A0A3A1720003C02F2</string>
				<key>productRefGroup</key>
				<string>E4B69B4A0A3A1720003C02F2</string>
				<key>projectDirPath</key>
				<string />
				<key>projectReferences</key>
				<array>
					<dict>
						<key>ProductGroup</key>
						<string>E4328144138ABC890047C5CB</string>
						<key>ProjectRef</key>
						<string>E4328143138ABC890047C5CB</string>
					</dict>
				</array>
				<key>projectRoot</key>
				<string />
				<key>targets</key>
				<array>
					<string>E4B69B5A0A3A1756003C02F2</string>
				</array>
			</dict>
			<key>E4B69B4D0A3A1720003C02F2</key>
			<dict>
				<key>buildConfigurations</key>
				<array>
					<string>E4B69B4E0A3A1720003C02F2</string>
					<string>E4B69B4F0A3A1720003C02F2</string>
				</array>
				<key>defaultConfigurationIsVisible</key>
				<string>0</string>
				<key>defaultConfigurationName</key>
				<string>Release</string>
				<key>isa</key>
				<string>XCConfigurationList</string>
			</dict>
			<key>E4B69B4E0A3A1720003C02F2</key>
			<dict>
				<key>baseConfigurationReference</key>
				<string>E4EB6923138AFD0F00A09F29</string>
				<key>buildSettings</key>
				<dict>
					<key>HEADER_SEARCH_PATHS</key>
					<array>
						<string>$(OF_CORE_HEADERS)</string>
						<string>src</string>
						<string>src/healthBar</string>
						<string>src/navigationBar</string>
						<string>src/player</string>
						<string>src/scene</string>
						<string>src/scene/p</string>
						<string>src/scene/wem</string>
						<string>src/scene/yanai</string>
						<string>src/seekBar</string>
						<string>src/stage</string>
						<string>src/timeLimit</string>
						<string>../../addons/ofxAnimatable/src</string>
						<string>../../addons/ofxImGui/libs</string>
						<string>../../addons/ofxImGui/libs/imgui</string>
						<string>../../addons/ofxImGui/libs/imgui/src</string>
						<string>../../addons/ofxImGui/src</string>
						<string>../../addons/ofxJSON/libs</string>
						<string>../../addons/ofxJSON/libs/jsoncpp</string>
						<string>../../addons/ofxJSON/libs/jsoncpp/include</string>
						<string>../../addons/ofxJSON/libs/jsoncpp/include/json</string>
						<string>../../addons/ofxJSON/libs/jsoncpp/src</string>
						<string>../../addons/ofxJSON/src</string>
						<string>../../addons/ofxJoystick/src</string>
						<string>../../addons/ofxSceneManager/src</string>
						<string>../../addons/ofxScreenCurtain/src</string>
						<string>../../addons/ofxXmlSettings/libs</string>
						<string>../../addons/ofxXmlSettings/src</string>
					</array>
					<key>CONFIGURATION_BUILD_DIR</key>
					<string>$(SRCROOT)/bin/</string>
					<key>COPY_PHASE_STRIP</key>
					<string>NO</string>
					<key>DEAD_CODE_STRIPPING</key>
					<string>YES</string>
					<key>GCC_AUTO_VECTORIZATION</key>
					<string>YES</string>
					<key>GCC_ENABLE_SSE3_EXTENSIONS</key>
					<string>YES</string>
					<key>GCC_ENABLE_SUPPLEMENTAL_SSE3_INSTRUCTIONS</key>
					<string>YES</string>
					<key>GCC_INLINES_ARE_PRIVATE_EXTERN</key>
					<string>NO</string>
					<key>GCC_OPTIMIZATION_LEVEL</key>
					<string>0</string>
					<key>GCC_SYMBOLS_PRIVATE_EXTERN</key>
					<string>NO</string>
					<key>GCC_WARN_ABOUT_DEPRECATED_FUNCTIONS</key>
					<string>YES</string>
					<key>GCC_WARN_ABOUT_INVALID_OFFSETOF_MACRO</key>
					<string>NO</string>
					<key>GCC_WARN_ALLOW_INCOMPLETE_PROTOCOL</key>
					<string>NO</string>
					<key>GCC_WARN_UNINITIALIZED_AUTOS</key>
					<string>NO</string>
					<key>GCC_WARN_UNUSED_VALUE</key>
					<string>NO</string>
					<key>GCC_WARN_UNUSED_VARIABLE</key>
					<string>NO</string>
					<key>MACOSX_DEPLOYMENT_TARGET</key>
					<string>10.8</string>
					<key>ONLY_ACTIVE_ARCH</key>
					<string>YES</string>
					<key>OTHER_CPLUSPLUSFLAGS</key>
					<array>
						<string>-D__MACOSX_CORE__</string>
						<string>-mtune=native</string>
					</array>
					<key>SDKROOT</key>
					<string>macosx</string>
				</dict>
				<key>isa</key>
				<string>XCBuildConfiguration</string>
				<key>name</key>
				<string>Debug</string>
			</dict>
			<key>E4B69B4F0A3A1720003C02F2</key>
			<dict>
				<key>baseConfigurationReference</key>
				<string>E4EB6923138AFD0F00A09F29</string>
				<key>buildSettings</key>
				<dict>
					<key>HEADER_SEARCH_PATHS</key>
					<array>
						<string>$(OF_CORE_HEADERS)</string>
						<string>src</string>
						<string>src/healthBar</string>
						<string>src/navigationBar</string>
						<string>src/player</string>
						<string>src/scene</string>
						<string>src/scene/p</string>
						<string>src/scene/wem</string>
						<string>src/scene/yanai</string>
						<string>src/seekBar</string>
						<string>src/stage</string>
						<string>src/timeLimit</string>
						<string>../../addons/ofxAnimatable/src</string>
						<string>../../addons/ofxImGui/libs</string>
						<string>../../addons/ofxImGui/libs/imgui</string>
						<string>../../addons/ofxImGui/libs/imgui/src</string>
						<string>../../addons/ofxImGui/src</string>
						<string>../../addons/ofxJSON/libs</string>
						<string>../../addons/ofxJSON/libs/jsoncpp</string>
						<string>../../addons/ofxJSON/libs/jsoncpp/include</string>
						<string>../../addons/ofxJSON/libs/jsoncpp/include/json</string>
						<string>../../addons/ofxJSON/libs/jsoncpp/src</string>
						<string>../../addons/ofxJSON/src</string>
						<string>../../addons/ofxJoystick/src</string>
						<string>../../addons/ofxSceneManager/src</string>
						<string>../../addons/ofxScreenCurtain/src</string>
						<string>../../addons/ofxXmlSettings/libs</string>
						<string>../../addons/ofxXmlSettings/src</string>
					</array>
					<key>CONFIGURATION_BUILD_DIR</key>
					<string>$(SRCROOT)/bin/</string>
					<key>COPY_PHASE_STRIP</key>
					<string>YES</string>
					<key>DEAD_CODE_STRIPPING</key>
					<string>YES</string>
					<key>GCC_AUTO_VECTORIZATION</key>
					<string>YES</string>
					<key>GCC_ENABLE_SSE3_EXTENSIONS</key>
					<string>YES</string>
					<key>GCC_ENABLE_SUPPLEMENTAL_SSE3_INSTRUCTIONS</key>
					<string>YES</string>
					<key>GCC_INLINES_ARE_PRIVATE_EXTERN</key>
					<string>NO</string>
					<key>GCC_OPTIMIZATION_LEVEL</key>
					<string>3</string>
					<key>GCC_SYMBOLS_PRIVATE_EXTERN</key>
					<string>NO</string>
					<key>GCC_UNROLL_LOOPS</key>
					<string>YES</string>
					<key>GCC_WARN_ABOUT_DEPRECATED_FUNCTIONS</key>
					<string>YES</string>
					<key>GCC_WARN_ABOUT_INVALID_OFFSETOF_MACRO</key>
					<string>NO</string>
					<key>GCC_WARN_ALLOW_INCOMPLETE_PROTOCOL</key>
					<string>NO</string>
					<key>GCC_WARN_UNINITIALIZED_AUTOS</key>
					<string>NO</string>
					<key>GCC_WARN_UNUSED_VALUE</key>
					<string>NO</string>
					<key>GCC_WARN_UNUSED_VARIABLE</key>
					<string>NO</string>
					<key>MACOSX_DEPLOYMENT_TARGET</key>
					<string>10.8</string>
					<key>OTHER_CPLUSPLUSFLAGS</key>
					<array>
						<string>-D__MACOSX_CORE__</string>
						<string>-mtune=native</string>
					</array>
					<key>SDKROOT</key>
					<string>macosx</string>
				</dict>
				<key>isa</key>
				<string>XCBuildConfiguration</string>
				<key>name</key>
				<string>Release</string>
			</dict>
			<key>E4B69B580A3A1756003C02F2</key>
			<dict>
				<key>buildActionMask</key>
				<string>2147483647</string>
				<key>files</key>
				<array>
					<string>E4B69E200A3A1BDC003C02F2</string>
					<string>E4B69E210A3A1BDC003C02F2</string>
					<string>489CCB3D95883DF854A4E223</string>
					<string>BF4934AC9A8DAF70C1AB410D</string>
					<string>407A5CDA465EFDD1787AF511</string>
					<string>EBD17FC04E6CC2822823A87A</string>
					<string>6101F3E7331EEB0FF9F1E0C2</string>
					<string>69EE3FF00AD004DF261D1756</string>
					<string>3425DC8B7E8E3D2136DD778A</string>
					<string>592AED75AFCD8B9B1D02F2DE</string>
					<string>EAE415BD3596A274F9E1777B</string>
					<string>17813EAD687F63E4597319D7</string>
					<string>97969231CD7181B9A382EF4C</string>
					<string>672CE4D3A75ECB3C1946900D</string>
					<string>E2A78E212B5A2DEE8DEFCDA2</string>
					<string>E7C0D5EF1488D1409AAA35FD</string>
					<string>E98145EF0FDF3964C6455699</string>
					<string>8D3AD95A6D40DBACCC3D22E8</string>
					<string>0761CBD2768CAF9B185E9974</string>
					<string>D6C47F1B4054713758153C6B</string>
					<string>E31735E23CD42F209E037825</string>
					<string>7B3EF53EDA89A41ECDE9ADF4</string>
					<string>28508E0A54B8B8CAF6FC376D</string>
					<string>E432EC975AE8560884FFB363</string>
					<string>426603D3A6195FA20CC19F69</string>
					<string>571DDCA398E3FC1125284399</string>
					<string>21C15CE8D8F05ED6AD1419B8</string>
					<string>94C3A35816CF6A0DE0CD3082</string>
					<string>16DA7893AA87978367B3FE42</string>
					<string>5EE106109ED4296F2BC9F486</string>
					<string>3A218F305615FD3444748F89</string>
					<string>9DC1ED16CF964E5831619872</string>
					<string>2C415C82BFDA7A09DBC08479</string>
					<string>E9BEF156FDF41BA086E9DC15</string>
					<string>629150F93404AC3B00B959DE</string>
					<string>6B510B08B3ABDF0145095143</string>
					<string>28AEE041B410B056F5E6C2EC</string>
					<string>6B1CA8C98EA80149EBCD25F2</string>
					<string>0B3EDBD811C0AAB4E8666D5D</string>
					<string>CE441544D6CE368D7F1670A3</string>
					<string>0C626D3D484EA5FB87A6AD23</string>
					<string>28DC652211D4AF8CC023D568</string>
					<string>F877D69532909AE487E0EF22</string>
					<string>32E2318B89B6217AE6052155</string>
				</array>
				<key>isa</key>
				<string>PBXSourcesBuildPhase</string>
				<key>runOnlyForDeploymentPostprocessing</key>
				<string>0</string>
			</dict>
			<key>E4B69B590A3A1756003C02F2</key>
			<dict>
				<key>buildActionMask</key>
				<string>2147483647</string>
				<key>files</key>
				<array>
					<string>E4328149138ABC9F0047C5CB</string>
				</array>
				<key>isa</key>
				<string>PBXFrameworksBuildPhase</string>
				<key>runOnlyForDeploymentPostprocessing</key>
				<string>0</string>
			</dict>
			<key>E4B69B5A0A3A1756003C02F2</key>
			<dict>
				<key>buildConfigurationList</key>
				<string>E4B69B5F0A3A1757003C02F2</string>
				<key>buildPhases</key>
				<array>
					<string>E4B69B580A3A1756003C02F2</string>
					<string>E4B69B590A3A1756003C02F2</string>
					<string>E4B6FFFD0C3F9AB9008CF71C</string>
					<string>E4C2427710CC5ABF004149E2</string>
				</array>
				<key>buildRules</key>
				<array />
				<key>dependencies</key>
				<array>
					<string>E4EEB9AC138B136A00A80321</string>
				</array>
				<key>isa</key>
				<string>PBXNativeTarget</string>
				<key>name</key>
				<string>AlternativeAscii</string>
				<key>productName</key>
				<string>myOFApp</string>
				<key>productReference</key>
				<string>E4B69B5B0A3A1756003C02F2</string>
				<key>productType</key>
				<string>com.apple.product-type.application</string>
			</dict>
			<key>E4B69B5B0A3A1756003C02F2</key>
			<dict>
				<key>explicitFileType</key>
				<string>wrapper.application</string>
				<key>includeInIndex</key>
				<string>0</string>
				<key>isa</key>
				<string>PBXFileReference</string>
				<key>path</key>
				<string>AlternativeAsciiDebug.app</string>
				<key>sourceTree</key>
				<string>BUILT_PRODUCTS_DIR</string>
			</dict>
			<key>E4B69B5F0A3A1757003C02F2</key>
			<dict>
				<key>buildConfigurations</key>
				<array>
					<string>E4B69B600A3A1757003C02F2</string>
					<string>E4B69B610A3A1757003C02F2</string>
				</array>
				<key>defaultConfigurationIsVisible</key>
				<string>0</string>
				<key>defaultConfigurationName</key>
				<string>Release</string>
				<key>isa</key>
				<string>XCConfigurationList</string>
			</dict>
			<key>E4B69B600A3A1757003C02F2</key>
			<dict>
				<key>baseConfigurationReference</key>
				<string>E4EB6923138AFD0F00A09F29</string>
				<key>buildSettings</key>
				<dict>
					<key>HEADER_SEARCH_PATHS</key>
					<array>
						<string>$(OF_CORE_HEADERS)</string>
						<string>src</string>
						<string>src/healthBar</string>
						<string>src/navigationBar</string>
						<string>src/player</string>
						<string>src/scene</string>
						<string>src/scene/p</string>
						<string>src/scene/wem</string>
						<string>src/scene/yanai</string>
						<string>src/seekBar</string>
						<string>src/stage</string>
						<string>src/timeLimit</string>
						<string>../../addons/ofxAnimatable/src</string>
						<string>../../addons/ofxImGui/libs</string>
						<string>../../addons/ofxImGui/libs/imgui</string>
						<string>../../addons/ofxImGui/libs/imgui/src</string>
						<string>../../addons/ofxImGui/src</string>
						<string>../../addons/ofxJSON/libs</string>
						<string>../../addons/ofxJSON/libs/jsoncpp</string>
						<string>../../addons/ofxJSON/libs/jsoncpp/include</string>
						<string>../../addons/ofxJSON/libs/jsoncpp/include/json</string>
						<string>../../addons/ofxJSON/libs/jsoncpp/src</string>
						<string>../../addons/ofxJSON/src</string>
						<string>../../addons/ofxJoystick/src</string>
						<string>../../addons/ofxSceneManager/src</string>
						<string>../../addons/ofxScreenCurtain/src</string>
						<string>../../addons/ofxXmlSettings/libs</string>
						<string>../../addons/ofxXmlSettings/src</string>
					</array>
					<key>COMBINE_HIDPI_IMAGES</key>
					<string>YES</string>
					<key>COPY_PHASE_STRIP</key>
					<string>NO</string>
					<key>FRAMEWORK_SEARCH_PATHS</key>
					<array>
						<string>$(inherited)</string>
						<string>$(FRAMEWORK_SEARCH_PATHS_QUOTED_FOR_TARGET_1)</string>
					</array>
					<key>FRAMEWORK_SEARCH_PATHS_QUOTED_FOR_TARGET_1</key>
					<string>"$(SRCROOT)/../../libs/glut/lib/osx"</string>
					<key>GCC_DYNAMIC_NO_PIC</key>
					<string>NO</string>
					<key>GCC_GENERATE_DEBUGGING_SYMBOLS</key>
					<string>YES</string>
					<key>GCC_MODEL_TUNING</key>
					<string>NONE</string>
					<key>ICON</key>
					<string>$(ICON_NAME_DEBUG)</string>
					<key>ICON_FILE</key>
					<string>$(ICON_FILE_PATH)$(ICON)</string>
					<key>INFOPLIST_FILE</key>
					<string>openFrameworks-Info.plist</string>
					<key>INSTALL_PATH</key>
					<string>/Applications</string>
					<key>LIBRARY_SEARCH_PATHS</key>
					<string>$(inherited)</string>
					<key>PRODUCT_NAME</key>
					<string>$(TARGET_NAME)Debug</string>
					<key>WRAPPER_EXTENSION</key>
					<string>app</string>
				</dict>
				<key>isa</key>
				<string>XCBuildConfiguration</string>
				<key>name</key>
				<string>Debug</string>
			</dict>
			<key>E4B69B610A3A1757003C02F2</key>
			<dict>
				<key>baseConfigurationReference</key>
				<string>E4EB6923138AFD0F00A09F29</string>
				<key>buildSettings</key>
				<dict>
					<key>HEADER_SEARCH_PATHS</key>
					<array>
						<string>$(OF_CORE_HEADERS)</string>
						<string>src</string>
						<string>src/healthBar</string>
						<string>src/navigationBar</string>
						<string>src/player</string>
						<string>src/scene</string>
						<string>src/scene/p</string>
						<string>src/scene/wem</string>
						<string>src/scene/yanai</string>
						<string>src/seekBar</string>
						<string>src/stage</string>
						<string>src/timeLimit</string>
						<string>../../addons/ofxAnimatable/src</string>
						<string>../../addons/ofxImGui/libs</string>
						<string>../../addons/ofxImGui/libs/imgui</string>
						<string>../../addons/ofxImGui/libs/imgui/src</string>
						<string>../../addons/ofxImGui/src</string>
						<string>../../addons/ofxJSON/libs</string>
						<string>../../addons/ofxJSON/libs/jsoncpp</string>
						<string>../../addons/ofxJSON/libs/jsoncpp/include</string>
						<string>../../addons/ofxJSON/libs/jsoncpp/include/json</string>
						<string>../../addons/ofxJSON/libs/jsoncpp/src</string>
						<string>../../addons/ofxJSON/src</string>
						<string>../../addons/ofxJoystick/src</string>
						<string>../../addons/ofxSceneManager/src</string>
						<string>../../addons/ofxScreenCurtain/src</string>
						<string>../../addons/ofxXmlSettings/libs</string>
						<string>../../addons/ofxXmlSettings/src</string>
					</array>
					<key>COMBINE_HIDPI_IMAGES</key>
					<string>YES</string>
					<key>COPY_PHASE_STRIP</key>
					<string>YES</string>
					<key>FRAMEWORK_SEARCH_PATHS</key>
					<array>
						<string>$(inherited)</string>
						<string>$(FRAMEWORK_SEARCH_PATHS_QUOTED_FOR_TARGET_1)</string>
					</array>
					<key>FRAMEWORK_SEARCH_PATHS_QUOTED_FOR_TARGET_1</key>
					<string>"$(SRCROOT)/../../libs/glut/lib/osx"</string>
					<key>GCC_GENERATE_DEBUGGING_SYMBOLS</key>
					<string>YES</string>
					<key>GCC_MODEL_TUNING</key>
					<string>NONE</string>
					<key>ICON</key>
					<string>$(ICON_NAME_RELEASE)</string>
					<key>ICON_FILE</key>
					<string>$(ICON_FILE_PATH)$(ICON)</string>
					<key>INFOPLIST_FILE</key>
					<string>openFrameworks-Info.plist</string>
					<key>INSTALL_PATH</key>
					<string>/Applications</string>
					<key>LIBRARY_SEARCH_PATHS</key>
					<string>$(inherited)</string>
					<key>PRODUCT_NAME</key>
					<string>$(TARGET_NAME)</string>
					<key>WRAPPER_EXTENSION</key>
					<string>app</string>
					<key>baseConfigurationReference</key>
					<string>E4EB6923138AFD0F00A09F29</string>
				</dict>
				<key>isa</key>
				<string>XCBuildConfiguration</string>
				<key>name</key>
				<string>Release</string>
			</dict>
			<key>E4B69E1C0A3A1BDC003C02F2</key>
			<dict>
				<key>children</key>
				<array>
					<string>E4B69E1D0A3A1BDC003C02F2</string>
					<string>E4B69E1E0A3A1BDC003C02F2</string>
					<string>E4B69E1F0A3A1BDC003C02F2</string>
					<string>3827A3E250153DBA091DF477</string>
					<string>E15C832BB3890D55A12FC5AD</string>
					<string>FF801D15CC70F7D6C8714010</string>
					<string>A1228BAE968F1E1947403E51</string>
					<string>B0A7F12708E37F20F6EAD4FF</string>
					<string>38210A9855D9757B736E753B</string>
					<string>BECCA93B3A40501405122E02</string>
					<string>F1BE9D3DC08B65C5ECBBC3B4</string>
					<string>D68656A7A93C5C693975989D</string>
				</array>
				<key>isa</key>
				<string>PBXGroup</string>
				<key>path</key>
				<string>src</string>
				<key>sourceTree</key>
				<string>SOURCE_ROOT</string>
			</dict>
			<key>E4B69E1D0A3A1BDC003C02F2</key>
			<dict>
				<key>fileEncoding</key>
				<string>30</string>
				<key>isa</key>
				<string>PBXFileReference</string>
				<key>lastKnownFileType</key>
				<string>sourcecode.cpp.cpp</string>
				<key>name</key>
				<string>main.cpp</string>
				<key>path</key>
				<string>src/main.cpp</string>
				<key>sourceTree</key>
				<string>SOURCE_ROOT</string>
			</dict>
			<key>E4B69E1E0A3A1BDC003C02F2</key>
			<dict>
				<key>explicitFileType</key>
				<string>sourcecode.cpp.cpp</string>
				<key>fileEncoding</key>
				<string>30</string>
				<key>isa</key>
				<string>PBXFileReference</string>
				<key>name</key>
				<string>ofApp.cpp</string>
				<key>path</key>
				<string>src/ofApp.cpp</string>
				<key>sourceTree</key>
				<string>SOURCE_ROOT</string>
			</dict>
			<key>E4B69E1F0A3A1BDC003C02F2</key>
			<dict>
				<key>fileEncoding</key>
				<string>30</string>
				<key>isa</key>
				<string>PBXFileReference</string>
				<key>lastKnownFileType</key>
				<string>sourcecode.c.h</string>
				<key>name</key>
				<string>ofApp.h</string>
				<key>path</key>
				<string>src/ofApp.h</string>
				<key>sourceTree</key>
				<string>SOURCE_ROOT</string>
			</dict>
			<key>E4B69E200A3A1BDC003C02F2</key>
			<dict>
				<key>fileRef</key>
				<string>E4B69E1D0A3A1BDC003C02F2</string>
				<key>isa</key>
				<string>PBXBuildFile</string>
			</dict>
			<key>E4B69E210A3A1BDC003C02F2</key>
			<dict>
				<key>fileRef</key>
				<string>E4B69E1E0A3A1BDC003C02F2</string>
				<key>isa</key>
				<string>PBXBuildFile</string>
			</dict>
			<key>E4B6FCAD0C3E899E008CF71C</key>
			<dict>
				<key>fileEncoding</key>
				<string>30</string>
				<key>isa</key>
				<string>PBXFileReference</string>
				<key>lastKnownFileType</key>
				<string>text.plist.xml</string>
				<key>path</key>
				<string>openFrameworks-Info.plist</string>
				<key>sourceTree</key>
				<string>&lt;group&gt;</string>
			</dict>
			<key>E4B6FFFD0C3F9AB9008CF71C</key>
			<dict>
				<key>buildActionMask</key>
				<string>2147483647</string>
				<key>files</key>
				<array />
				<key>inputPaths</key>
				<array />
				<key>isa</key>
				<string>PBXShellScriptBuildPhase</string>
				<key>outputPaths</key>
				<array />
				<key>runOnlyForDeploymentPostprocessing</key>
				<string>0</string>
				<key>shellPath</key>
				<string>/bin/sh</string>
				<key>shellScript</key>
				<string>mkdir -p "$TARGET_BUILD_DIR/$PRODUCT_NAME.app/Contents/Resources/"
# Copy default icon file into App/Resources
rsync -aved "$ICON_FILE" "$TARGET_BUILD_DIR/$PRODUCT_NAME.app/Contents/Resources/"
# Copy libfmod and change install directory for fmod to run
rsync -aved ../../libs/fmodex/lib/osx/libfmodex.dylib "$TARGET_BUILD_DIR/$PRODUCT_NAME.app/Contents/Frameworks/";
install_name_tool -change @executable_path/libfmodex.dylib @executable_path/../Frameworks/libfmodex.dylib "$TARGET_BUILD_DIR/$PRODUCT_NAME.app/Contents/MacOS/$PRODUCT_NAME";
# Copy GLUT framework (must remove for AppStore submissions)
rsync -aved ../../libs/glut/lib/osx/GLUT.framework "$TARGET_BUILD_DIR/$PRODUCT_NAME.app/Contents/Frameworks/"
</string>
			</dict>
			<key>E4C2427710CC5ABF004149E2</key>
			<dict>
				<key>buildActionMask</key>
				<string>2147483647</string>
				<key>dstPath</key>
				<string />
				<key>dstSubfolderSpec</key>
				<string>10</string>
				<key>files</key>
				<array />
				<key>isa</key>
				<string>PBXCopyFilesBuildPhase</string>
				<key>runOnlyForDeploymentPostprocessing</key>
				<string>0</string>
			</dict>
			<key>E4EB691F138AFCF100A09F29</key>
			<dict>
				<key>fileEncoding</key>
				<string>4</string>
				<key>isa</key>
				<string>PBXFileReference</string>
				<key>lastKnownFileType</key>
				<string>text.xcconfig</string>
				<key>name</key>
				<string>CoreOF.xcconfig</string>
				<key>path</key>
				<string>../../libs/openFrameworksCompiled/project/osx/CoreOF.xcconfig</string>
				<key>sourceTree</key>
				<string>SOURCE_ROOT</string>
			</dict>
			<key>E4EB6923138AFD0F00A09F29</key>
			<dict>
				<key>fileEncoding</key>
				<string>4</string>
				<key>isa</key>
				<string>PBXFileReference</string>
				<key>lastKnownFileType</key>
				<string>text.xcconfig</string>
				<key>path</key>
				<string>Project.xcconfig</string>
				<key>sourceTree</key>
				<string>&lt;group&gt;</string>
			</dict>
			<key>E4EEB9AB138B136A00A80321</key>
			<dict>
				<key>containerPortal</key>
				<string>E4328143138ABC890047C5CB</string>
				<key>isa</key>
				<string>PBXContainerItemProxy</string>
				<key>proxyType</key>
				<string>1</string>
				<key>remoteGlobalIDString</key>
				<string>E4B27C1410CBEB8E00536013</string>
				<key>remoteInfo</key>
				<string>openFrameworks</string>
			</dict>
			<key>E4EEB9AC138B136A00A80321</key>
			<dict>
				<key>isa</key>
				<string>PBXTargetDependency</string>
				<key>name</key>
				<string>openFrameworks</string>
				<key>targetProxy</key>
				<string>E4EEB9AB138B136A00A80321</string>
			</dict>
			<key>E4EEC9E9138DF44700A80321</key>
			<dict>
				<key>children</key>
				<array>
					<string>E4EB691F138AFCF100A09F29</string>
					<string>E4328143138ABC890047C5CB</string>
				</array>
				<key>isa</key>
				<string>PBXGroup</string>
				<key>name</key>
				<string>openFrameworks</string>
				<key>sourceTree</key>
				<string>&lt;group&gt;</string>
			</dict>
		</dict>
		<key>rootObject</key>
		<string>E4B69B4C0A3A1720003C02F2</string>
	</dict>
</plist>
